// !$*UTF8*$!
{
	archiveVersion = 1;
	classes = {
	};
	objectVersion = 46;
	objects = {

/* Begin PBXBuildFile section */
		F6A9811F1B6E2E9E007D2955 /* main.m in Sources */ = {isa = PBXBuildFile; fileRef = F6A9811E1B6E2E9E007D2955 /* main.m */; };
		F6A981221B6E2E9E007D2955 /* AppDelegate.m in Sources */ = {isa = PBXBuildFile; fileRef = F6A981211B6E2E9E007D2955 /* AppDelegate.m */; };
		F6A981251B6E2E9E007D2955 /* ViewController.m in Sources */ = {isa = PBXBuildFile; fileRef = F6A981241B6E2E9E007D2955 /* ViewController.m */; };
		F6A981281B6E2E9E007D2955 /* Main.storyboard in Resources */ = {isa = PBXBuildFile; fileRef = F6A981261B6E2E9E007D2955 /* Main.storyboard */; };
		F6A9812A1B6E2E9E007D2955 /* Images.xcassets in Resources */ = {isa = PBXBuildFile; fileRef = F6A981291B6E2E9E007D2955 /* Images.xcassets */; };
		F6A9812D1B6E2E9E007D2955 /* LaunchScreen.xib in Resources */ = {isa = PBXBuildFile; fileRef = F6A9812B1B6E2E9E007D2955 /* LaunchScreen.xib */; };
		F6A981391B6E2E9E007D2955 /* Sec0502HypnosisTests.m in Sources */ = {isa = PBXBuildFile; fileRef = F6A981381B6E2E9E007D2955 /* Sec0502HypnosisTests.m */; };
		F6A981441B6E2ECB007D2955 /* HypnosisView.m in Sources */ = {isa = PBXBuildFile; fileRef = F6A981431B6E2ECB007D2955 /* HypnosisView.m */; };
/* End PBXBuildFile section */

/* Begin PBXContainerItemProxy section */
		F6A981331B6E2E9E007D2955 /* PBXContainerItemProxy */ = {
			isa = PBXContainerItemProxy;
			containerPortal = F6A981111B6E2E9E007D2955 /* Project object */;
			proxyType = 1;
			remoteGlobalIDString = F6A981181B6E2E9E007D2955;
			remoteInfo = Sec0502Hypnosis;
		};
/* End PBXContainerItemProxy section */

/* Begin PBXFileReference section */
		F6A981191B6E2E9E007D2955 /* Sec0502Hypnosis.app */ = {isa = PBXFileReference; explicitFileType = wrapper.application; includeInIndex = 0; path = Sec0502Hypnosis.app; sourceTree = BUILT_PRODUCTS_DIR; };
		F6A9811D1B6E2E9E007D2955 /* Info.plist */ = {isa = PBXFileReference; lastKnownFileType = text.plist.xml; path = Info.plist; sourceTree = "<group>"; };
		F6A9811E1B6E2E9E007D2955 /* main.m */ = {isa = PBXFileReference; lastKnownFileType = sourcecode.c.objc; path = main.m; sourceTree = "<group>"; };
		F6A981201B6E2E9E007D2955 /* AppDelegate.h */ = {isa = PBXFileReference; lastKnownFileType = sourcecode.c.h; path = AppDelegate.h; sourceTree = "<group>"; };
		F6A981211B6E2E9E007D2955 /* AppDelegate.m */ = {isa = PBXFileReference; lastKnownFileType = sourcecode.c.objc; path = AppDelegate.m; sourceTree = "<group>"; };
		F6A981231B6E2E9E007D2955 /* ViewController.h */ = {isa = PBXFileReference; lastKnownFileType = sourcecode.c.h; path = ViewController.h; sourceTree = "<group>"; };
		F6A981241B6E2E9E007D2955 /* ViewController.m */ = {isa = PBXFileReference; lastKnownFileType = sourcecode.c.objc; path = ViewController.m; sourceTree = "<group>"; };
		F6A981271B6E2E9E007D2955 /* Base */ = {isa = PBXFileReference; lastKnownFileType = file.storyboard; name = Base; path = Base.lproj/Main.storyboard; sourceTree = "<group>"; };
		F6A981291B6E2E9E007D2955 /* Images.xcassets */ = {isa = PBXFileReference; lastKnownFileType = folder.assetcatalog; path = Images.xcassets; sourceTree = "<group>"; };
		F6A9812C1B6E2E9E007D2955 /* Base */ = {isa = PBXFileReference; lastKnownFileType = file.xib; name = Base; path = Base.lproj/LaunchScreen.xib; sourceTree = "<group>"; };
		F6A981321B6E2E9E007D2955 /* Sec0502HypnosisTests.xctest */ = {isa = PBXFileReference; explicitFileType = wrapper.cfbundle; includeInIndex = 0; path = Sec0502HypnosisTests.xctest; sourceTree = BUILT_PRODUCTS_DIR; };
		F6A981371B6E2E9E007D2955 /* Info.plist */ = {isa = PBXFileReference; lastKnownFileType = text.plist.xml; path = Info.plist; sourceTree = "<group>"; };
		F6A981381B6E2E9E007D2955 /* Sec0502HypnosisTests.m */ = {isa = PBXFileReference; lastKnownFileType = sourcecode.c.objc; path = Sec0502HypnosisTests.m; sourceTree = "<group>"; };
		F6A981421B6E2ECB007D2955 /* HypnosisView.h */ = {isa = PBXFileReference; fileEncoding = 4; lastKnownFileType = sourcecode.c.h; path = HypnosisView.h; sourceTree = "<group>"; };
		F6A981431B6E2ECB007D2955 /* HypnosisView.m */ = {isa = PBXFileReference; fileEncoding = 4; lastKnownFileType = sourcecode.c.objc; path = HypnosisView.m; sourceTree = "<group>"; };
/* End PBXFileReference section */

/* Begin PBXFrameworksBuildPhase section */
		F6A981161B6E2E9E007D2955 /* Frameworks */ = {
			isa = PBXFrameworksBuildPhase;
			buildActionMask = 2147483647;
			files = (
			);
			runOnlyForDeploymentPostprocessing = 0;
		};
		F6A9812F1B6E2E9E007D2955 /* Frameworks */ = {
			isa = PBXFrameworksBuildPhase;
			buildActionMask = 2147483647;
			files = (
			);
			runOnlyForDeploymentPostprocessing = 0;
		};
/* End PBXFrameworksBuildPhase section */

/* Begin PBXGroup section */
		F6A981101B6E2E9E007D2955 = {
			isa = PBXGroup;
			children = (
				F6A9811B1B6E2E9E007D2955 /* Sec0502Hypnosis */,
				F6A981351B6E2E9E007D2955 /* Sec0502HypnosisTests */,
				F6A9811A1B6E2E9E007D2955 /* Products */,
			);
			sourceTree = "<group>";
		};
		F6A9811A1B6E2E9E007D2955 /* Products */ = {
			isa = PBXGroup;
			children = (
				F6A981191B6E2E9E007D2955 /* Sec0502Hypnosis.app */,
				F6A981321B6E2E9E007D2955 /* Sec0502HypnosisTests.xctest */,
			);
			name = Products;
			sourceTree = "<group>";
		};
		F6A9811B1B6E2E9E007D2955 /* Sec0502Hypnosis */ = {
			isa = PBXGroup;
			children = (
				F6A981201B6E2E9E007D2955 /* AppDelegate.h */,
				F6A981211B6E2E9E007D2955 /* AppDelegate.m */,
				F6A981231B6E2E9E007D2955 /* ViewController.h */,
				F6A981241B6E2E9E007D2955 /* ViewController.m */,
				F6A981261B6E2E9E007D2955 /* Main.storyboard */,
				F6A981291B6E2E9E007D2955 /* Images.xcassets */,
				F6A9812B1B6E2E9E007D2955 /* LaunchScreen.xib */,
				F6A9811C1B6E2E9E007D2955 /* Supporting Files */,
				F6A981421B6E2ECB007D2955 /* HypnosisView.h */,
				F6A981431B6E2ECB007D2955 /* HypnosisView.m */,
			);
			path = Sec0502Hypnosis;
			sourceTree = "<group>";
		};
		F6A9811C1B6E2E9E007D2955 /* Supporting Files */ = {
			isa = PBXGroup;
			children = (
				F6A9811D1B6E2E9E007D2955 /* Info.plist */,
				F6A9811E1B6E2E9E007D2955 /* main.m */,
			);
			name = "Supporting Files";
			sourceTree = "<group>";
		};
		F6A981351B6E2E9E007D2955 /* Sec0502HypnosisTests */ = {
			isa = PBXGroup;
			children = (
				F6A981381B6E2E9E007D2955 /* Sec0502HypnosisTests.m */,
				F6A981361B6E2E9E007D2955 /* Supporting Files */,
			);
			path = Sec0502HypnosisTests;
			sourceTree = "<group>";
		};
		F6A981361B6E2E9E007D2955 /* Supporting Files */ = {
			isa = PBXGroup;
			children = (
				F6A981371B6E2E9E007D2955 /* Info.plist */,
			);
			name = "Supporting Files";
			sourceTree = "<group>";
		};
/* End PBXGroup section */

/* Begin PBXNativeTarget section */
		F6A981181B6E2E9E007D2955 /* Sec0502Hypnosis */ = {
			isa = PBXNativeTarget;
			buildConfigurationList = F6A9813C1B6E2E9E007D2955 /* Build configuration list for PBXNativeTarget "Sec0502Hypnosis" */;
			buildPhases = (
				F6A981151B6E2E9E007D2955 /* Sources */,
				F6A981161B6E2E9E007D2955 /* Frameworks */,
				F6A981171B6E2E9E007D2955 /* Resources */,
			);
			buildRules = (
			);
			dependencies = (
			);
			name = Sec0502Hypnosis;
			productName = Sec0502Hypnosis;
			productReference = F6A981191B6E2E9E007D2955 /* Sec0502Hypnosis.app */;
			productType = "com.apple.product-type.application";
		};
		F6A981311B6E2E9E007D2955 /* Sec0502HypnosisTests */ = {
			isa = PBXNativeTarget;
			buildConfigurationList = F6A9813F1B6E2E9E007D2955 /* Build configuration list for PBXNativeTarget "Sec0502HypnosisTests" */;
			buildPhases = (
				F6A9812E1B6E2E9E007D2955 /* Sources */,
				F6A9812F1B6E2E9E007D2955 /* Frameworks */,
				F6A981301B6E2E9E007D2955 /* Resources */,
			);
			buildRules = (
			);
			dependencies = (
				F6A981341B6E2E9E007D2955 /* PBXTargetDependency */,
			);
			name = Sec0502HypnosisTests;
			productName = Sec0502HypnosisTests;
			productReference = F6A981321B6E2E9E007D2955 /* Sec0502HypnosisTests.xctest */;
			productType = "com.apple.product-type.bundle.unit-test";
		};
/* End PBXNativeTarget section */

/* Begin PBXProject section */
		F6A981111B6E2E9E007D2955 /* Project object */ = {
			isa = PBXProject;
			attributes = {
				LastUpgradeCheck = 0640;
				ORGANIZATIONNAME = binglen;
				TargetAttributes = {
					F6A981181B6E2E9E007D2955 = {
						CreatedOnToolsVersion = 6.4;
					};
					F6A981311B6E2E9E007D2955 = {
						CreatedOnToolsVersion = 6.4;
						TestTargetID = F6A981181B6E2E9E007D2955;
					};
				};
			};
			buildConfigurationList = F6A981141B6E2E9E007D2955 /* Build configuration list for PBXProject "Sec0502Hypnosis" */;
			compatibilityVersion = "Xcode 3.2";
			developmentRegion = English;
			hasScannedForEncodings = 0;
			knownRegions = (
				en,
				Base,
			);
			mainGroup = F6A981101B6E2E9E007D2955;
			productRefGroup = F6A9811A1B6E2E9E007D2955 /* Products */;
			projectDirPath = "";
			projectRoot = "";
			targets = (
				F6A981181B6E2E9E007D2955 /* Sec0502Hypnosis */,
				F6A981311B6E2E9E007D2955 /* Sec0502HypnosisTests */,
			);
		};
/* End PBXProject section */

/* Begin PBXResourcesBuildPhase section */
		F6A981171B6E2E9E007D2955 /* Resources */ = {
			isa = PBXResourcesBuildPhase;
			buildActionMask = 2147483647;
			files = (
				F6A981281B6E2E9E007D2955 /* Main.storyboard in Resources */,
				F6A9812D1B6E2E9E007D2955 /* LaunchScreen.xib in Resources */,
				F6A9812A1B6E2E9E007D2955 /* Images.xcassets in Resources */,
			);
			runOnlyForDeploymentPostprocessing = 0;
		};
		F6A981301B6E2E9E007D2955 /* Resources */ = {
			isa = PBXResourcesBuildPhase;
			buildActionMask = 2147483647;
			files = (
			);
			runOnlyForDeploymentPostprocessing = 0;
		};
/* End PBXResourcesBuildPhase section */

/* Begin PBXSourcesBuildPhase section */
		F6A981151B6E2E9E007D2955 /* Sources */ = {
			isa = PBXSourcesBuildPhase;
			buildActionMask = 2147483647;
			files = (
				F6A981251B6E2E9E007D2955 /* ViewController.m in Sources */,
				F6A981441B6E2ECB007D2955 /* HypnosisView.m in Sources */,
				F6A981221B6E2E9E007D2955 /* AppDelegate.m in Sources */,
				F6A9811F1B6E2E9E007D2955 /* main.m in Sources */,
			);
			runOnlyForDeploymentPostprocessing = 0;
		};
		F6A9812E1B6E2E9E007D2955 /* Sources */ = {
			isa = PBXSourcesBuildPhase;
			buildActionMask = 2147483647;
			files = (
				F6A981391B6E2E9E007D2955 /* Sec0502HypnosisTests.m in Sources */,
			);
			runOnlyForDeploymentPostprocessing = 0;
		};
/* End PBXSourcesBuildPhase section */

/* Begin PBXTargetDependency section */
		F6A981341B6E2E9E007D2955 /* PBXTargetDependency */ = {
			isa = PBXTargetDependency;
			target = F6A981181B6E2E9E007D2955 /* Sec0502Hypnosis */;
			targetProxy = F6A981331B6E2E9E007D2955 /* PBXContainerItemProxy */;
		};
/* End PBXTargetDependency section */

/* Begin PBXVariantGroup section */
		F6A981261B6E2E9E007D2955 /* Main.storyboard */ = {
			isa = PBXVariantGroup;
			children = (
				F6A981271B6E2E9E007D2955 /* Base */,
			);
			name = Main.storyboard;
			sourceTree = "<group>";
		};
		F6A9812B1B6E2E9E007D2955 /* LaunchScreen.xib */ = {
			isa = PBXVariantGroup;
			children = (
				F6A9812C1B6E2E9E007D2955 /* Base */,
			);
			name = LaunchScreen.xib;
			sourceTree = "<group>";
		};
/* End PBXVariantGroup section */

/* Begin XCBuildConfiguration section */
		F6A9813A1B6E2E9E007D2955 /* Debug */ = {
			isa = XCBuildConfiguration;
			buildSettings = {
				ALWAYS_SEARCH_USER_PATHS = NO;
				CLANG_CXX_LANGUAGE_STANDARD = "gnu++0x";
				CLANG_CXX_LIBRARY = "libc++";
				CLANG_ENABLE_MODULES = YES;
				CLANG_ENABLE_OBJC_ARC = YES;
				CLANG_WARN_BOOL_CONVERSION = YES;
				CLANG_WARN_CONSTANT_CONVERSION = YES;
				CLANG_WARN_DIRECT_OBJC_ISA_USAGE = YES_ERROR;
				CLANG_WARN_EMPTY_BODY = YES;
				CLANG_WARN_ENUM_CONVERSION = YES;
				CLANG_WARN_INT_CONVERSION = YES;
				CLANG_WARN_OBJC_ROOT_CLASS = YES_ERROR;
				CLANG_WARN_UNREACHABLE_CODE = YES;
				CLANG_WARN__DUPLICATE_METHOD_MATCH = YES;
				"CODE_SIGN_IDENTITY[sdk=iphoneos*]" = "iPhone Developer";
				COPY_PHASE_STRIP = NO;
				DEBUG_INFORMATION_FORMAT = "dwarf-with-dsym";
				ENABLE_STRICT_OBJC_MSGSEND = YES;
				GCC_C_LANGUAGE_STANDARD = gnu99;
				GCC_DYNAMIC_NO_PIC = NO;
				GCC_NO_COMMON_BLOCKS = YES;
				GCC_OPTIMIZATION_LEVEL = 0;
				GCC_PREPROCESSOR_DEFINITIONS = (
					"DEBUG=1",
					"$(inherited)",
				);
				GCC_SYMBOLS_PRIVATE_EXTERN = NO;
				GCC_WARN_64_TO_32_BIT_CONVERSION = YES;
				GCC_WARN_ABOUT_RETURN_TYPE = YES_ERROR;
				GCC_WARN_UNDECLARED_SELECTOR = YES;
				GCC_WARN_UNINITIALIZED_AUTOS = YES_AGGRESSIVE;
				GCC_WARN_UNUSED_FUNCTION = YES;
				GCC_WARN_UNUSED_VARIABLE = YES;
				IPHONEOS_DEPLOYMENT_TARGET = 8.4;
				MTL_ENABLE_DEBUG_INFO = YES;
				ONLY_ACTIVE_ARCH = YES;
				SDKROOT = iphoneos;
			};
			name = Debug;
		};
		F6A9813B1B6E2E9E007D2955 /* Release */ = {
			isa = XCBuildConfiguration;
			buildSettings = {
				ALWAYS_SEARCH_USER_PATHS = NO;
				CLANG_CXX_LANGUAGE_STANDARD = "gnu++0x";
				CLANG_CXX_LIBRARY = "libc++";
				CLANG_ENABLE_MODULES = YES;
				CLANG_ENABLE_OBJC_ARC = YES;
				CLANG_WARN_BOOL_CONVERSION = YES;
				CLANG_WARN_CONSTANT_CONVERSION = YES;
				CLANG_WARN_DIRECT_OBJC_ISA_USAGE = YES_ERROR;
				CLANG_WARN_EMPTY_BODY = YES;
				CLANG_WARN_ENUM_CONVERSION = YES;
				CLANG_WARN_INT_CONVERSION = YES;
				CLANG_WARN_OBJC_ROOT_CLASS = YES_ERROR;
				CLANG_WARN_UNREACHABLE_CODE = YES;
				CLANG_WARN__DUPLICATE_METHOD_MATCH = YES;
				"CODE_SIGN_IDENTITY[sdk=iphoneos*]" = "iPhone Developer";
				COPY_PHASE_STRIP = NO;
				DEBUG_INFORMATION_FORMAT = "dwarf-with-dsym";
				ENABLE_NS_ASSERTIONS = NO;
				ENABLE_STRICT_OBJC_MSGSEND = YES;
				GCC_C_LANGUAGE_STANDARD = gnu99;
				GCC_NO_COMMON_BLOCKS = YES;
				GCC_WARN_64_TO_32_BIT_CONVERSION = YES;
				GCC_WARN_ABOUT_RETURN_TYPE = YES_ERROR;
				GCC_WARN_UNDECLARED_SELECTOR = YES;
				GCC_WARN_UNINITIALIZED_AUTOS = YES_AGGRESSIVE;
				GCC_WARN_UNUSED_FUNCTION = YES;
				GCC_WARN_UNUSED_VARIABLE = YES;
				IPHONEOS_DEPLOYMENT_TARGET = 8.4;
				MTL_ENABLE_DEBUG_INFO = NO;
				SDKROOT = iphoneos;
				VALIDATE_PRODUCT = YES;
			};
			name = Release;
		};
		F6A9813D1B6E2E9E007D2955 /* Debug */ = {
			isa = XCBuildConfiguration;
			buildSettings = {
				ASSETCATALOG_COMPILER_APPICON_NAME = AppIcon;
				INFOPLIST_FILE = Sec0502Hypnosis/Info.plist;
				LD_RUNPATH_SEARCH_PATHS = "$(inherited) @executable_path/Frameworks";
				PRODUCT_NAME = "$(TARGET_NAME)";
			};
			name = Debug;
		};
		F6A9813E1B6E2E9E007D2955 /* Release */ = {
			isa = XCBuildConfiguration;
			buildSettings = {
				ASSETCATALOG_COMPILER_APPICON_NAME = AppIcon;
				INFOPLIST_FILE = Sec0502Hypnosis/Info.plist;
				LD_RUNPATH_SEARCH_PATHS = "$(inherited) @executable_path/Frameworks";
				PRODUCT_NAME = "$(TARGET_NAME)";
			};
			name = Release;
		};
		F6A981401B6E2E9E007D2955 /* Debug */ = {
			isa = XCBuildConfiguration;
			buildSettings = {
				BUNDLE_LOADER = "$(TEST_HOST)";
				FRAMEWORK_SEARCH_PATHS = (
					"$(SDKROOT)/Developer/Library/Frameworks",
					"$(inherited)",
				);
				GCC_PREPROCESSOR_DEFINITIONS = (
					"DEBUG=1",
					"$(inherited)",
				);
				INFOPLIST_FILE = Sec0502HypnosisTests/Info.plist;
				LD_RUNPATH_SEARCH_PATHS = "$(inherited) @executable_path/Frameworks @loader_path/Frameworks";
				PRODUCT_NAME = "$(TARGET_NAME)";
				TEST_HOST = "$(BUILT_PRODUCTS_DIR)/Sec0502Hypnosis.app/Sec0502Hypnosis";
			};
			name = Debug;
		};
		F6A981411B6E2E9E007D2955 /* Release */ = {
			isa = XCBuildConfiguration;
			buildSettings = {
				BUNDLE_LOADER = "$(TEST_HOST)";
				FRAMEWORK_SEARCH_PATHS = (
					"$(SDKROOT)/Developer/Library/Frameworks",
					"$(inherited)",
				);
				INFOPLIST_FILE = Sec0502HypnosisTests/Info.plist;
				LD_RUNPATH_SEARCH_PATHS = "$(inherited) @executable_path/Frameworks @loader_path/Frameworks";
				PRODUCT_NAME = "$(TARGET_NAME)";
				TEST_HOST = "$(BUILT_PRODUCTS_DIR)/Sec0502Hypnosis.app/Sec0502Hypnosis";
			};
			name = Release;
		};
/* End XCBuildConfiguration section */

/* Begin XCConfigurationList section */
		F6A981141B6E2E9E007D2955 /* Build configuration list for PBXProject "Sec0502Hypnosis" */ = {
			isa = XCConfigurationList;
			buildConfigurations = (
				F6A9813A1B6E2E9E007D2955 /* Debug */,
				F6A9813B1B6E2E9E007D2955 /* Release */,
			);
			defaultConfigurationIsVisible = 0;
			defaultConfigurationName = Release;
		};
		F6A9813C1B6E2E9E007D2955 /* Build configuration list for PBXNativeTarget "Sec0502Hypnosis" */ = {
			isa = XCConfigurationList;
			buildConfigurations = (
				F6A9813D1B6E2E9E007D2955 /* Debug */,
				F6A9813E1B6E2E9E007D2955 /* Release */,
			);
			defaultConfigurationIsVisible = 0;
		};
		F6A9813F1B6E2E9E007D2955 /* Build configuration list for PBXNativeTarget "Sec0502HypnosisTests" */ = {
			isa = XCConfigurationList;
			buildConfigurations = (
				F6A981401B6E2E9E007D2955 /* Debug */,
				F6A981411B6E2E9E007D2955 /* Release */,
			);
			defaultConfigurationIsVisible = 0;
		};
/* End XCConfigurationList section */
	};
	rootObject = F6A981111B6E2E9E007D2955 /* Project object */;
}
