// !$*UTF8*$!
{
	archiveVersion = 1;
	classes = {
	};
	objectVersion = 46;
	objects = {

/* Begin PBXBuildFile section */
		F646D6B11B6D0ED700596187 /* main.m in Sources */ = {isa = PBXBuildFile; fileRef = F646D6B01B6D0ED700596187 /* main.m */; };
		F646D6B41B6D0ED700596187 /* AppDelegate.m in Sources */ = {isa = PBXBuildFile; fileRef = F646D6B31B6D0ED700596187 /* AppDelegate.m */; };
		F646D6B71B6D0ED700596187 /* ViewController.m in Sources */ = {isa = PBXBuildFile; fileRef = F646D6B61B6D0ED700596187 /* ViewController.m */; };
		F646D6BA1B6D0ED700596187 /* Main.storyboard in Resources */ = {isa = PBXBuildFile; fileRef = F646D6B81B6D0ED700596187 /* Main.storyboard */; };
		F646D6BC1B6D0ED700596187 /* Images.xcassets in Resources */ = {isa = PBXBuildFile; fileRef = F646D6BB1B6D0ED700596187 /* Images.xcassets */; };
		F646D6BF1B6D0ED700596187 /* LaunchScreen.xib in Resources */ = {isa = PBXBuildFile; fileRef = F646D6BD1B6D0ED700596187 /* LaunchScreen.xib */; };
		F646D6CB1B6D0ED800596187 /* Sec0402BNRHypnosisTests.m in Sources */ = {isa = PBXBuildFile; fileRef = F646D6CA1B6D0ED800596187 /* Sec0402BNRHypnosisTests.m */; };
		F646D6D61B6D0EF400596187 /* BNRHypnosisView.m in Sources */ = {isa = PBXBuildFile; fileRef = F646D6D51B6D0EF400596187 /* BNRHypnosisView.m */; };
/* End PBXBuildFile section */

/* Begin PBXContainerItemProxy section */
		F646D6C51B6D0ED800596187 /* PBXContainerItemProxy */ = {
			isa = PBXContainerItemProxy;
			containerPortal = F646D6A31B6D0ED700596187 /* Project object */;
			proxyType = 1;
			remoteGlobalIDString = F646D6AA1B6D0ED700596187;
			remoteInfo = Sec0402BNRHypnosis;
		};
/* End PBXContainerItemProxy section */

/* Begin PBXFileReference section */
		F646D6AB1B6D0ED700596187 /* Sec0402BNRHypnosis.app */ = {isa = PBXFileReference; explicitFileType = wrapper.application; includeInIndex = 0; path = Sec0402BNRHypnosis.app; sourceTree = BUILT_PRODUCTS_DIR; };
		F646D6AF1B6D0ED700596187 /* Info.plist */ = {isa = PBXFileReference; lastKnownFileType = text.plist.xml; path = Info.plist; sourceTree = "<group>"; };
		F646D6B01B6D0ED700596187 /* main.m */ = {isa = PBXFileReference; lastKnownFileType = sourcecode.c.objc; path = main.m; sourceTree = "<group>"; };
		F646D6B21B6D0ED700596187 /* AppDelegate.h */ = {isa = PBXFileReference; lastKnownFileType = sourcecode.c.h; path = AppDelegate.h; sourceTree = "<group>"; };
		F646D6B31B6D0ED700596187 /* AppDelegate.m */ = {isa = PBXFileReference; lastKnownFileType = sourcecode.c.objc; path = AppDelegate.m; sourceTree = "<group>"; };
		F646D6B51B6D0ED700596187 /* ViewController.h */ = {isa = PBXFileReference; lastKnownFileType = sourcecode.c.h; path = ViewController.h; sourceTree = "<group>"; };
		F646D6B61B6D0ED700596187 /* ViewController.m */ = {isa = PBXFileReference; lastKnownFileType = sourcecode.c.objc; path = ViewController.m; sourceTree = "<group>"; };
		F646D6B91B6D0ED700596187 /* Base */ = {isa = PBXFileReference; lastKnownFileType = file.storyboard; name = Base; path = Base.lproj/Main.storyboard; sourceTree = "<group>"; };
		F646D6BB1B6D0ED700596187 /* Images.xcassets */ = {isa = PBXFileReference; lastKnownFileType = folder.assetcatalog; path = Images.xcassets; sourceTree = "<group>"; };
		F646D6BE1B6D0ED700596187 /* Base */ = {isa = PBXFileReference; lastKnownFileType = file.xib; name = Base; path = Base.lproj/LaunchScreen.xib; sourceTree = "<group>"; };
		F646D6C41B6D0ED800596187 /* Sec0402BNRHypnosisTests.xctest */ = {isa = PBXFileReference; explicitFileType = wrapper.cfbundle; includeInIndex = 0; path = Sec0402BNRHypnosisTests.xctest; sourceTree = BUILT_PRODUCTS_DIR; };
		F646D6C91B6D0ED800596187 /* Info.plist */ = {isa = PBXFileReference; lastKnownFileType = text.plist.xml; path = Info.plist; sourceTree = "<group>"; };
		F646D6CA1B6D0ED800596187 /* Sec0402BNRHypnosisTests.m */ = {isa = PBXFileReference; lastKnownFileType = sourcecode.c.objc; path = Sec0402BNRHypnosisTests.m; sourceTree = "<group>"; };
		F646D6D41B6D0EF400596187 /* BNRHypnosisView.h */ = {isa = PBXFileReference; fileEncoding = 4; lastKnownFileType = sourcecode.c.h; name = BNRHypnosisView.h; path = ../BNRHypnosisView.h; sourceTree = "<group>"; };
		F646D6D51B6D0EF400596187 /* BNRHypnosisView.m */ = {isa = PBXFileReference; fileEncoding = 4; lastKnownFileType = sourcecode.c.objc; name = BNRHypnosisView.m; path = ../BNRHypnosisView.m; sourceTree = "<group>"; };
/* End PBXFileReference section */

/* Begin PBXFrameworksBuildPhase section */
		F646D6A81B6D0ED700596187 /* Frameworks */ = {
			isa = PBXFrameworksBuildPhase;
			buildActionMask = 2147483647;
			files = (
			);
			runOnlyForDeploymentPostprocessing = 0;
		};
		F646D6C11B6D0ED800596187 /* Frameworks */ = {
			isa = PBXFrameworksBuildPhase;
			buildActionMask = 2147483647;
			files = (
			);
			runOnlyForDeploymentPostprocessing = 0;
		};
/* End PBXFrameworksBuildPhase section */

/* Begin PBXGroup section */
		F646D6A21B6D0ED700596187 = {
			isa = PBXGroup;
			children = (
				F646D6AD1B6D0ED700596187 /* Sec0402BNRHypnosis */,
				F646D6C71B6D0ED800596187 /* Sec0402BNRHypnosisTests */,
				F646D6AC1B6D0ED700596187 /* Products */,
			);
			sourceTree = "<group>";
		};
		F646D6AC1B6D0ED700596187 /* Products */ = {
			isa = PBXGroup;
			children = (
				F646D6AB1B6D0ED700596187 /* Sec0402BNRHypnosis.app */,
				F646D6C41B6D0ED800596187 /* Sec0402BNRHypnosisTests.xctest */,
			);
			name = Products;
			sourceTree = "<group>";
		};
		F646D6AD1B6D0ED700596187 /* Sec0402BNRHypnosis */ = {
			isa = PBXGroup;
			children = (
				F646D6B21B6D0ED700596187 /* AppDelegate.h */,
				F646D6B31B6D0ED700596187 /* AppDelegate.m */,
				F646D6D41B6D0EF400596187 /* BNRHypnosisView.h */,
				F646D6D51B6D0EF400596187 /* BNRHypnosisView.m */,
				F646D6B51B6D0ED700596187 /* ViewController.h */,
				F646D6B61B6D0ED700596187 /* ViewController.m */,
				F646D6B81B6D0ED700596187 /* Main.storyboard */,
				F646D6BB1B6D0ED700596187 /* Images.xcassets */,
				F646D6BD1B6D0ED700596187 /* LaunchScreen.xib */,
				F646D6AE1B6D0ED700596187 /* Supporting Files */,
			);
			path = Sec0402BNRHypnosis;
			sourceTree = "<group>";
		};
		F646D6AE1B6D0ED700596187 /* Supporting Files */ = {
			isa = PBXGroup;
			children = (
				F646D6AF1B6D0ED700596187 /* Info.plist */,
				F646D6B01B6D0ED700596187 /* main.m */,
			);
			name = "Supporting Files";
			sourceTree = "<group>";
		};
		F646D6C71B6D0ED800596187 /* Sec0402BNRHypnosisTests */ = {
			isa = PBXGroup;
			children = (
				F646D6CA1B6D0ED800596187 /* Sec0402BNRHypnosisTests.m */,
				F646D6C81B6D0ED800596187 /* Supporting Files */,
			);
			path = Sec0402BNRHypnosisTests;
			sourceTree = "<group>";
		};
		F646D6C81B6D0ED800596187 /* Supporting Files */ = {
			isa = PBXGroup;
			children = (
				F646D6C91B6D0ED800596187 /* Info.plist */,
			);
			name = "Supporting Files";
			sourceTree = "<group>";
		};
/* End PBXGroup section */

/* Begin PBXNativeTarget section */
		F646D6AA1B6D0ED700596187 /* Sec0402BNRHypnosis */ = {
			isa = PBXNativeTarget;
			buildConfigurationList = F646D6CE1B6D0ED800596187 /* Build configuration list for PBXNativeTarget "Sec0402BNRHypnosis" */;
			buildPhases = (
				F646D6A71B6D0ED700596187 /* Sources */,
				F646D6A81B6D0ED700596187 /* Frameworks */,
				F646D6A91B6D0ED700596187 /* Resources */,
			);
			buildRules = (
			);
			dependencies = (
			);
			name = Sec0402BNRHypnosis;
			productName = Sec0402BNRHypnosis;
			productReference = F646D6AB1B6D0ED700596187 /* Sec0402BNRHypnosis.app */;
			productType = "com.apple.product-type.application";
		};
		F646D6C31B6D0ED800596187 /* Sec0402BNRHypnosisTests */ = {
			isa = PBXNativeTarget;
			buildConfigurationList = F646D6D11B6D0ED800596187 /* Build configuration list for PBXNativeTarget "Sec0402BNRHypnosisTests" */;
			buildPhases = (
				F646D6C01B6D0ED800596187 /* Sources */,
				F646D6C11B6D0ED800596187 /* Frameworks */,
				F646D6C21B6D0ED800596187 /* Resources */,
			);
			buildRules = (
			);
			dependencies = (
				F646D6C61B6D0ED800596187 /* PBXTargetDependency */,
			);
			name = Sec0402BNRHypnosisTests;
			productName = Sec0402BNRHypnosisTests;
			productReference = F646D6C41B6D0ED800596187 /* Sec0402BNRHypnosisTests.xctest */;
			productType = "com.apple.product-type.bundle.unit-test";
		};
/* End PBXNativeTarget section */

/* Begin PBXProject section */
		F646D6A31B6D0ED700596187 /* Project object */ = {
			isa = PBXProject;
			attributes = {
				LastUpgradeCheck = 0640;
				ORGANIZATIONNAME = binglen;
				TargetAttributes = {
					F646D6AA1B6D0ED700596187 = {
						CreatedOnToolsVersion = 6.4;
					};
					F646D6C31B6D0ED800596187 = {
						CreatedOnToolsVersion = 6.4;
						TestTargetID = F646D6AA1B6D0ED700596187;
					};
				};
			};
			buildConfigurationList = F646D6A61B6D0ED700596187 /* Build configuration list for PBXProject "Sec0402BNRHypnosis" */;
			compatibilityVersion = "Xcode 3.2";
			developmentRegion = English;
			hasScannedForEncodings = 0;
			knownRegions = (
				en,
				Base,
			);
			mainGroup = F646D6A21B6D0ED700596187;
			productRefGroup = F646D6AC1B6D0ED700596187 /* Products */;
			projectDirPath = "";
			projectRoot = "";
			targets = (
				F646D6AA1B6D0ED700596187 /* Sec0402BNRHypnosis */,
				F646D6C31B6D0ED800596187 /* Sec0402BNRHypnosisTests */,
			);
		};
/* End PBXProject section */

/* Begin PBXResourcesBuildPhase section */
		F646D6A91B6D0ED700596187 /* Resources */ = {
			isa = PBXResourcesBuildPhase;
			buildActionMask = 2147483647;
			files = (
				F646D6BA1B6D0ED700596187 /* Main.storyboard in Resources */,
				F646D6BF1B6D0ED700596187 /* LaunchScreen.xib in Resources */,
				F646D6BC1B6D0ED700596187 /* Images.xcassets in Resources */,
			);
			runOnlyForDeploymentPostprocessing = 0;
		};
		F646D6C21B6D0ED800596187 /* Resources */ = {
			isa = PBXResourcesBuildPhase;
			buildActionMask = 2147483647;
			files = (
			);
			runOnlyForDeploymentPostprocessing = 0;
		};
/* End PBXResourcesBuildPhase section */

/* Begin PBXSourcesBuildPhase section */
		F646D6A71B6D0ED700596187 /* Sources */ = {
			isa = PBXSourcesBuildPhase;
			buildActionMask = 2147483647;
			files = (
				F646D6B71B6D0ED700596187 /* ViewController.m in Sources */,
				F646D6B41B6D0ED700596187 /* AppDelegate.m in Sources */,
				F646D6D61B6D0EF400596187 /* BNRHypnosisView.m in Sources */,
				F646D6B11B6D0ED700596187 /* main.m in Sources */,
			);
			runOnlyForDeploymentPostprocessing = 0;
		};
		F646D6C01B6D0ED800596187 /* Sources */ = {
			isa = PBXSourcesBuildPhase;
			buildActionMask = 2147483647;
			files = (
				F646D6CB1B6D0ED800596187 /* Sec0402BNRHypnosisTests.m in Sources */,
			);
			runOnlyForDeploymentPostprocessing = 0;
		};
/* End PBXSourcesBuildPhase section */

/* Begin PBXTargetDependency section */
		F646D6C61B6D0ED800596187 /* PBXTargetDependency */ = {
			isa = PBXTargetDependency;
			target = F646D6AA1B6D0ED700596187 /* Sec0402BNRHypnosis */;
			targetProxy = F646D6C51B6D0ED800596187 /* PBXContainerItemProxy */;
		};
/* End PBXTargetDependency section */

/* Begin PBXVariantGroup section */
		F646D6B81B6D0ED700596187 /* Main.storyboard */ = {
			isa = PBXVariantGroup;
			children = (
				F646D6B91B6D0ED700596187 /* Base */,
			);
			name = Main.storyboard;
			sourceTree = "<group>";
		};
		F646D6BD1B6D0ED700596187 /* LaunchScreen.xib */ = {
			isa = PBXVariantGroup;
			children = (
				F646D6BE1B6D0ED700596187 /* Base */,
			);
			name = LaunchScreen.xib;
			sourceTree = "<group>";
		};
/* End PBXVariantGroup section */

/* Begin XCBuildConfiguration section */
		F646D6CC1B6D0ED800596187 /* Debug */ = {
			isa = XCBuildConfiguration;
			buildSettings = {
				ALWAYS_SEARCH_USER_PATHS = NO;
				CLANG_CXX_LANGUAGE_STANDARD = "gnu++0x";
				CLANG_CXX_LIBRARY = "libc++";
				CLANG_ENABLE_MODULES = YES;
				CLANG_ENABLE_OBJC_ARC = YES;
				CLANG_WARN_BOOL_CONVERSION = YES;
				CLANG_WARN_CONSTANT_CONVERSION = YES;
				CLANG_WARN_DIRECT_OBJC_ISA_USAGE = YES_ERROR;
				CLANG_WARN_EMPTY_BODY = YES;
				CLANG_WARN_ENUM_CONVERSION = YES;
				CLANG_WARN_INT_CONVERSION = YES;
				CLANG_WARN_OBJC_ROOT_CLASS = YES_ERROR;
				CLANG_WARN_UNREACHABLE_CODE = YES;
				CLANG_WARN__DUPLICATE_METHOD_MATCH = YES;
				"CODE_SIGN_IDENTITY[sdk=iphoneos*]" = "iPhone Developer";
				COPY_PHASE_STRIP = NO;
				DEBUG_INFORMATION_FORMAT = "dwarf-with-dsym";
				ENABLE_STRICT_OBJC_MSGSEND = YES;
				GCC_C_LANGUAGE_STANDARD = gnu99;
				GCC_DYNAMIC_NO_PIC = NO;
				GCC_NO_COMMON_BLOCKS = YES;
				GCC_OPTIMIZATION_LEVEL = 0;
				GCC_PREPROCESSOR_DEFINITIONS = (
					"DEBUG=1",
					"$(inherited)",
				);
				GCC_SYMBOLS_PRIVATE_EXTERN = NO;
				GCC_WARN_64_TO_32_BIT_CONVERSION = YES;
				GCC_WARN_ABOUT_RETURN_TYPE = YES_ERROR;
				GCC_WARN_UNDECLARED_SELECTOR = YES;
				GCC_WARN_UNINITIALIZED_AUTOS = YES_AGGRESSIVE;
				GCC_WARN_UNUSED_FUNCTION = YES;
				GCC_WARN_UNUSED_VARIABLE = YES;
				IPHONEOS_DEPLOYMENT_TARGET = 8.4;
				MTL_ENABLE_DEBUG_INFO = YES;
				ONLY_ACTIVE_ARCH = YES;
				SDKROOT = iphoneos;
			};
			name = Debug;
		};
		F646D6CD1B6D0ED800596187 /* Release */ = {
			isa = XCBuildConfiguration;
			buildSettings = {
				ALWAYS_SEARCH_USER_PATHS = NO;
				CLANG_CXX_LANGUAGE_STANDARD = "gnu++0x";
				CLANG_CXX_LIBRARY = "libc++";
				CLANG_ENABLE_MODULES = YES;
				CLANG_ENABLE_OBJC_ARC = YES;
				CLANG_WARN_BOOL_CONVERSION = YES;
				CLANG_WARN_CONSTANT_CONVERSION = YES;
				CLANG_WARN_DIRECT_OBJC_ISA_USAGE = YES_ERROR;
				CLANG_WARN_EMPTY_BODY = YES;
				CLANG_WARN_ENUM_CONVERSION = YES;
				CLANG_WARN_INT_CONVERSION = YES;
				CLANG_WARN_OBJC_ROOT_CLASS = YES_ERROR;
				CLANG_WARN_UNREACHABLE_CODE = YES;
				CLANG_WARN__DUPLICATE_METHOD_MATCH = YES;
				"CODE_SIGN_IDENTITY[sdk=iphoneos*]" = "iPhone Developer";
				COPY_PHASE_STRIP = NO;
				DEBUG_INFORMATION_FORMAT = "dwarf-with-dsym";
				ENABLE_NS_ASSERTIONS = NO;
				ENABLE_STRICT_OBJC_MSGSEND = YES;
				GCC_C_LANGUAGE_STANDARD = gnu99;
				GCC_NO_COMMON_BLOCKS = YES;
				GCC_WARN_64_TO_32_BIT_CONVERSION = YES;
				GCC_WARN_ABOUT_RETURN_TYPE = YES_ERROR;
				GCC_WARN_UNDECLARED_SELECTOR = YES;
				GCC_WARN_UNINITIALIZED_AUTOS = YES_AGGRESSIVE;
				GCC_WARN_UNUSED_FUNCTION = YES;
				GCC_WARN_UNUSED_VARIABLE = YES;
				IPHONEOS_DEPLOYMENT_TARGET = 8.4;
				MTL_ENABLE_DEBUG_INFO = NO;
				SDKROOT = iphoneos;
				VALIDATE_PRODUCT = YES;
			};
			name = Release;
		};
		F646D6CF1B6D0ED800596187 /* Debug */ = {
			isa = XCBuildConfiguration;
			buildSettings = {
				ASSETCATALOG_COMPILER_APPICON_NAME = AppIcon;
				INFOPLIST_FILE = Sec0402BNRHypnosis/Info.plist;
				LD_RUNPATH_SEARCH_PATHS = "$(inherited) @executable_path/Frameworks";
				PRODUCT_NAME = "$(TARGET_NAME)";
			};
			name = Debug;
		};
		F646D6D01B6D0ED800596187 /* Release */ = {
			isa = XCBuildConfiguration;
			buildSettings = {
				ASSETCATALOG_COMPILER_APPICON_NAME = AppIcon;
				INFOPLIST_FILE = Sec0402BNRHypnosis/Info.plist;
				LD_RUNPATH_SEARCH_PATHS = "$(inherited) @executable_path/Frameworks";
				PRODUCT_NAME = "$(TARGET_NAME)";
			};
			name = Release;
		};
		F646D6D21B6D0ED800596187 /* Debug */ = {
			isa = XCBuildConfiguration;
			buildSettings = {
				BUNDLE_LOADER = "$(TEST_HOST)";
				FRAMEWORK_SEARCH_PATHS = (
					"$(SDKROOT)/Developer/Library/Frameworks",
					"$(inherited)",
				);
				GCC_PREPROCESSOR_DEFINITIONS = (
					"DEBUG=1",
					"$(inherited)",
				);
				INFOPLIST_FILE = Sec0402BNRHypnosisTests/Info.plist;
				LD_RUNPATH_SEARCH_PATHS = "$(inherited) @executable_path/Frameworks @loader_path/Frameworks";
				PRODUCT_NAME = "$(TARGET_NAME)";
				TEST_HOST = "$(BUILT_PRODUCTS_DIR)/Sec0402BNRHypnosis.app/Sec0402BNRHypnosis";
			};
			name = Debug;
		};
		F646D6D31B6D0ED800596187 /* Release */ = {
			isa = XCBuildConfiguration;
			buildSettings = {
				BUNDLE_LOADER = "$(TEST_HOST)";
				FRAMEWORK_SEARCH_PATHS = (
					"$(SDKROOT)/Developer/Library/Frameworks",
					"$(inherited)",
				);
				INFOPLIST_FILE = Sec0402BNRHypnosisTests/Info.plist;
				LD_RUNPATH_SEARCH_PATHS = "$(inherited) @executable_path/Frameworks @loader_path/Frameworks";
				PRODUCT_NAME = "$(TARGET_NAME)";
				TEST_HOST = "$(BUILT_PRODUCTS_DIR)/Sec0402BNRHypnosis.app/Sec0402BNRHypnosis";
			};
			name = Release;
		};
/* End XCBuildConfiguration section */

/* Begin XCConfigurationList section */
		F646D6A61B6D0ED700596187 /* Build configuration list for PBXProject "Sec0402BNRHypnosis" */ = {
			isa = XCConfigurationList;
			buildConfigurations = (
				F646D6CC1B6D0ED800596187 /* Debug */,
				F646D6CD1B6D0ED800596187 /* Release */,
			);
			defaultConfigurationIsVisible = 0;
			defaultConfigurationName = Release;
		};
		F646D6CE1B6D0ED800596187 /* Build configuration list for PBXNativeTarget "Sec0402BNRHypnosis" */ = {
			isa = XCConfigurationList;
			buildConfigurations = (
				F646D6CF1B6D0ED800596187 /* Debug */,
				F646D6D01B6D0ED800596187 /* Release */,
			);
			defaultConfigurationIsVisible = 0;
		};
		F646D6D11B6D0ED800596187 /* Build configuration list for PBXNativeTarget "Sec0402BNRHypnosisTests" */ = {
			isa = XCConfigurationList;
			buildConfigurations = (
				F646D6D21B6D0ED800596187 /* Debug */,
				F646D6D31B6D0ED800596187 /* Release */,
			);
			defaultConfigurationIsVisible = 0;
		};
/* End XCConfigurationList section */
	};
	rootObject = F646D6A31B6D0ED700596187 /* Project object */;
}
