// !$*UTF8*$!
{
	archiveVersion = 1;
	classes = {
	};
	objectVersion = 46;
	objects = {

/* Begin PBXBuildFile section */
		F63728FD1BCFF65D007F50CF /* main.m in Sources */ = {isa = PBXBuildFile; fileRef = F63728FC1BCFF65D007F50CF /* main.m */; };
		F63729001BCFF65D007F50CF /* AppDelegate.m in Sources */ = {isa = PBXBuildFile; fileRef = F63728FF1BCFF65D007F50CF /* AppDelegate.m */; };
		F63729031BCFF65D007F50CF /* ViewController.m in Sources */ = {isa = PBXBuildFile; fileRef = F63729021BCFF65D007F50CF /* ViewController.m */; };
		F63729061BCFF65D007F50CF /* Main.storyboard in Resources */ = {isa = PBXBuildFile; fileRef = F63729041BCFF65D007F50CF /* Main.storyboard */; };
		F63729081BCFF65D007F50CF /* Assets.xcassets in Resources */ = {isa = PBXBuildFile; fileRef = F63729071BCFF65D007F50CF /* Assets.xcassets */; };
		F637290B1BCFF65D007F50CF /* LaunchScreen.storyboard in Resources */ = {isa = PBXBuildFile; fileRef = F63729091BCFF65D007F50CF /* LaunchScreen.storyboard */; };
/* End PBXBuildFile section */

/* Begin PBXFileReference section */
		F63728F81BCFF65D007F50CF /* SampleH.app */ = {isa = PBXFileReference; explicitFileType = wrapper.application; includeInIndex = 0; path = SampleH.app; sourceTree = BUILT_PRODUCTS_DIR; };
		F63728FC1BCFF65D007F50CF /* main.m */ = {isa = PBXFileReference; lastKnownFileType = sourcecode.c.objc; path = main.m; sourceTree = "<group>"; };
		F63728FE1BCFF65D007F50CF /* AppDelegate.h */ = {isa = PBXFileReference; lastKnownFileType = sourcecode.c.h; path = AppDelegate.h; sourceTree = "<group>"; };
		F63728FF1BCFF65D007F50CF /* AppDelegate.m */ = {isa = PBXFileReference; lastKnownFileType = sourcecode.c.objc; path = AppDelegate.m; sourceTree = "<group>"; };
		F63729011BCFF65D007F50CF /* ViewController.h */ = {isa = PBXFileReference; lastKnownFileType = sourcecode.c.h; path = ViewController.h; sourceTree = "<group>"; };
		F63729021BCFF65D007F50CF /* ViewController.m */ = {isa = PBXFileReference; lastKnownFileType = sourcecode.c.objc; path = ViewController.m; sourceTree = "<group>"; };
		F63729051BCFF65D007F50CF /* Base */ = {isa = PBXFileReference; lastKnownFileType = file.storyboard; name = Base; path = Base.lproj/Main.storyboard; sourceTree = "<group>"; };
		F63729071BCFF65D007F50CF /* Assets.xcassets */ = {isa = PBXFileReference; lastKnownFileType = folder.assetcatalog; path = Assets.xcassets; sourceTree = "<group>"; };
		F637290A1BCFF65D007F50CF /* Base */ = {isa = PBXFileReference; lastKnownFileType = file.storyboard; name = Base; path = Base.lproj/LaunchScreen.storyboard; sourceTree = "<group>"; };
		F637290C1BCFF65D007F50CF /* Info.plist */ = {isa = PBXFileReference; lastKnownFileType = text.plist.xml; path = Info.plist; sourceTree = "<group>"; };
/* End PBXFileReference section */

/* Begin PBXFrameworksBuildPhase section */
		F63728F51BCFF65D007F50CF /* Frameworks */ = {
			isa = PBXFrameworksBuildPhase;
			buildActionMask = 2147483647;
			files = (
			);
			runOnlyForDeploymentPostprocessing = 0;
		};
/* End PBXFrameworksBuildPhase section */

/* Begin PBXGroup section */
		F63728EF1BCFF65D007F50CF = {
			isa = PBXGroup;
			children = (
				F63728FA1BCFF65D007F50CF /* SampleH */,
				F63728F91BCFF65D007F50CF /* Products */,
			);
			sourceTree = "<group>";
		};
		F63728F91BCFF65D007F50CF /* Products */ = {
			isa = PBXGroup;
			children = (
				F63728F81BCFF65D007F50CF /* SampleH.app */,
			);
			name = Products;
			sourceTree = "<group>";
		};
		F63728FA1BCFF65D007F50CF /* SampleH */ = {
			isa = PBXGroup;
			children = (
				F63728FE1BCFF65D007F50CF /* AppDelegate.h */,
				F63728FF1BCFF65D007F50CF /* AppDelegate.m */,
				F63729011BCFF65D007F50CF /* ViewController.h */,
				F63729021BCFF65D007F50CF /* ViewController.m */,
				F63729041BCFF65D007F50CF /* Main.storyboard */,
				F63729071BCFF65D007F50CF /* Assets.xcassets */,
				F63729091BCFF65D007F50CF /* LaunchScreen.storyboard */,
				F637290C1BCFF65D007F50CF /* Info.plist */,
				F63728FB1BCFF65D007F50CF /* Supporting Files */,
			);
			path = SampleH;
			sourceTree = "<group>";
		};
		F63728FB1BCFF65D007F50CF /* Supporting Files */ = {
			isa = PBXGroup;
			children = (
				F63728FC1BCFF65D007F50CF /* main.m */,
			);
			name = "Supporting Files";
			sourceTree = "<group>";
		};
/* End PBXGroup section */

/* Begin PBXNativeTarget section */
		F63728F71BCFF65D007F50CF /* SampleH */ = {
			isa = PBXNativeTarget;
			buildConfigurationList = F637290F1BCFF65D007F50CF /* Build configuration list for PBXNativeTarget "SampleH" */;
			buildPhases = (
				F63728F41BCFF65D007F50CF /* Sources */,
				F63728F51BCFF65D007F50CF /* Frameworks */,
				F63728F61BCFF65D007F50CF /* Resources */,
			);
			buildRules = (
			);
			dependencies = (
			);
			name = SampleH;
			productName = SampleH;
			productReference = F63728F81BCFF65D007F50CF /* SampleH.app */;
			productType = "com.apple.product-type.application";
		};
/* End PBXNativeTarget section */

/* Begin PBXProject section */
		F63728F01BCFF65D007F50CF /* Project object */ = {
			isa = PBXProject;
			attributes = {
				LastUpgradeCheck = 0700;
				ORGANIZATIONNAME = binglen;
				TargetAttributes = {
					F63728F71BCFF65D007F50CF = {
						CreatedOnToolsVersion = 7.0.1;
					};
				};
			};
			buildConfigurationList = F63728F31BCFF65D007F50CF /* Build configuration list for PBXProject "SampleH" */;
			compatibilityVersion = "Xcode 3.2";
			developmentRegion = English;
			hasScannedForEncodings = 0;
			knownRegions = (
				en,
				Base,
			);
			mainGroup = F63728EF1BCFF65D007F50CF;
			productRefGroup = F63728F91BCFF65D007F50CF /* Products */;
			projectDirPath = "";
			projectRoot = "";
			targets = (
				F63728F71BCFF65D007F50CF /* SampleH */,
			);
		};
/* End PBXProject section */

/* Begin PBXResourcesBuildPhase section */
		F63728F61BCFF65D007F50CF /* Resources */ = {
			isa = PBXResourcesBuildPhase;
			buildActionMask = 2147483647;
			files = (
				F637290B1BCFF65D007F50CF /* LaunchScreen.storyboard in Resources */,
				F63729081BCFF65D007F50CF /* Assets.xcassets in Resources */,
				F63729061BCFF65D007F50CF /* Main.storyboard in Resources */,
			);
			runOnlyForDeploymentPostprocessing = 0;
		};
/* End PBXResourcesBuildPhase section */

/* Begin PBXSourcesBuildPhase section */
		F63728F41BCFF65D007F50CF /* Sources */ = {
			isa = PBXSourcesBuildPhase;
			buildActionMask = 2147483647;
			files = (
				F63729031BCFF65D007F50CF /* ViewController.m in Sources */,
				F63729001BCFF65D007F50CF /* AppDelegate.m in Sources */,
				F63728FD1BCFF65D007F50CF /* main.m in Sources */,
			);
			runOnlyForDeploymentPostprocessing = 0;
		};
/* End PBXSourcesBuildPhase section */

/* Begin PBXVariantGroup section */
		F63729041BCFF65D007F50CF /* Main.storyboard */ = {
			isa = PBXVariantGroup;
			children = (
				F63729051BCFF65D007F50CF /* Base */,
			);
			name = Main.storyboard;
			sourceTree = "<group>";
		};
		F63729091BCFF65D007F50CF /* LaunchScreen.storyboard */ = {
			isa = PBXVariantGroup;
			children = (
				F637290A1BCFF65D007F50CF /* Base */,
			);
			name = LaunchScreen.storyboard;
			sourceTree = "<group>";
		};
/* End PBXVariantGroup section */

/* Begin XCBuildConfiguration section */
		F637290D1BCFF65D007F50CF /* Debug */ = {
			isa = XCBuildConfiguration;
			buildSettings = {
				ALWAYS_SEARCH_USER_PATHS = NO;
				CLANG_CXX_LANGUAGE_STANDARD = "gnu++0x";
				CLANG_CXX_LIBRARY = "libc++";
				CLANG_ENABLE_MODULES = YES;
				CLANG_ENABLE_OBJC_ARC = YES;
				CLANG_WARN_BOOL_CONVERSION = YES;
				CLANG_WARN_CONSTANT_CONVERSION = YES;
				CLANG_WARN_DIRECT_OBJC_ISA_USAGE = YES_ERROR;
				CLANG_WARN_EMPTY_BODY = YES;
				CLANG_WARN_ENUM_CONVERSION = YES;
				CLANG_WARN_INT_CONVERSION = YES;
				CLANG_WARN_OBJC_ROOT_CLASS = YES_ERROR;
				CLANG_WARN_UNREACHABLE_CODE = YES;
				CLANG_WARN__DUPLICATE_METHOD_MATCH = YES;
				"CODE_SIGN_IDENTITY[sdk=iphoneos*]" = "iPhone Developer";
				COPY_PHASE_STRIP = NO;
				DEBUG_INFORMATION_FORMAT = dwarf;
				ENABLE_STRICT_OBJC_MSGSEND = YES;
				ENABLE_TESTABILITY = YES;
				GCC_C_LANGUAGE_STANDARD = gnu99;
				GCC_DYNAMIC_NO_PIC = NO;
				GCC_NO_COMMON_BLOCKS = YES;
				GCC_OPTIMIZATION_LEVEL = 0;
				GCC_PREPROCESSOR_DEFINITIONS = (
					"DEBUG=1",
					"$(inherited)",
				);
				GCC_WARN_64_TO_32_BIT_CONVERSION = YES;
				GCC_WARN_ABOUT_RETURN_TYPE = YES_ERROR;
				GCC_WARN_UNDECLARED_SELECTOR = YES;
				GCC_WARN_UNINITIALIZED_AUTOS = YES_AGGRESSIVE;
				GCC_WARN_UNUSED_FUNCTION = YES;
				GCC_WARN_UNUSED_VARIABLE = YES;
				IPHONEOS_DEPLOYMENT_TARGET = 9.0;
				MTL_ENABLE_DEBUG_INFO = YES;
				ONLY_ACTIVE_ARCH = YES;
				SDKROOT = iphoneos;
			};
			name = Debug;
		};
		F637290E1BCFF65D007F50CF /* Release */ = {
			isa = XCBuildConfiguration;
			buildSettings = {
				ALWAYS_SEARCH_USER_PATHS = NO;
				CLANG_CXX_LANGUAGE_STANDARD = "gnu++0x";
				CLANG_CXX_LIBRARY = "libc++";
				CLANG_ENABLE_MODULES = YES;
				CLANG_ENABLE_OBJC_ARC = YES;
				CLANG_WARN_BOOL_CONVERSION = YES;
				CLANG_WARN_CONSTANT_CONVERSION = YES;
				CLANG_WARN_DIRECT_OBJC_ISA_USAGE = YES_ERROR;
				CLANG_WARN_EMPTY_BODY = YES;
				CLANG_WARN_ENUM_CONVERSION = YES;
				CLANG_WARN_INT_CONVERSION = YES;
				CLANG_WARN_OBJC_ROOT_CLASS = YES_ERROR;
				CLANG_WARN_UNREACHABLE_CODE = YES;
				CLANG_WARN__DUPLICATE_METHOD_MATCH = YES;
				"CODE_SIGN_IDENTITY[sdk=iphoneos*]" = "iPhone Developer";
				COPY_PHASE_STRIP = NO;
				DEBUG_INFORMATION_FORMAT = "dwarf-with-dsym";
				ENABLE_NS_ASSERTIONS = NO;
				ENABLE_STRICT_OBJC_MSGSEND = YES;
				GCC_C_LANGUAGE_STANDARD = gnu99;
				GCC_NO_COMMON_BLOCKS = YES;
				GCC_WARN_64_TO_32_BIT_CONVERSION = YES;
				GCC_WARN_ABOUT_RETURN_TYPE = YES_ERROR;
				GCC_WARN_UNDECLARED_SELECTOR = YES;
				GCC_WARN_UNINITIALIZED_AUTOS = YES_AGGRESSIVE;
				GCC_WARN_UNUSED_FUNCTION = YES;
				GCC_WARN_UNUSED_VARIABLE = YES;
				IPHONEOS_DEPLOYMENT_TARGET = 9.0;
				MTL_ENABLE_DEBUG_INFO = NO;
				SDKROOT = iphoneos;
				VALIDATE_PRODUCT = YES;
			};
			name = Release;
		};
		F63729101BCFF65D007F50CF /* Debug */ = {
			isa = XCBuildConfiguration;
			buildSettings = {
				ASSETCATALOG_COMPILER_APPICON_NAME = AppIcon;
				INFOPLIST_FILE = SampleH/Info.plist;
				LD_RUNPATH_SEARCH_PATHS = "$(inherited) @executable_path/Frameworks";
				PRODUCT_BUNDLE_IDENTIFIER = binglen.SampleH;
				PRODUCT_NAME = "$(TARGET_NAME)";
			};
			name = Debug;
		};
		F63729111BCFF65D007F50CF /* Release */ = {
			isa = XCBuildConfiguration;
			buildSettings = {
				ASSETCATALOG_COMPILER_APPICON_NAME = AppIcon;
				INFOPLIST_FILE = SampleH/Info.plist;
				LD_RUNPATH_SEARCH_PATHS = "$(inherited) @executable_path/Frameworks";
				PRODUCT_BUNDLE_IDENTIFIER = binglen.SampleH;
				PRODUCT_NAME = "$(TARGET_NAME)";
			};
			name = Release;
		};
/* End XCBuildConfiguration section */

/* Begin XCConfigurationList section */
		F63728F31BCFF65D007F50CF /* Build configuration list for PBXProject "SampleH" */ = {
			isa = XCConfigurationList;
			buildConfigurations = (
				F637290D1BCFF65D007F50CF /* Debug */,
				F637290E1BCFF65D007F50CF /* Release */,
			);
			defaultConfigurationIsVisible = 0;
			defaultConfigurationName = Release;
		};
		F637290F1BCFF65D007F50CF /* Build configuration list for PBXNativeTarget "SampleH" */ = {
			isa = XCConfigurationList;
			buildConfigurations = (
				F63729101BCFF65D007F50CF /* Debug */,
				F63729111BCFF65D007F50CF /* Release */,
			);
			defaultConfigurationIsVisible = 0;
		};
/* End XCConfigurationList section */
	};
	rootObject = F63728F01BCFF65D007F50CF /* Project object */;
}
