// !$*UTF8*$!
{
	archiveVersion = 1;
	classes = {
	};
	objectVersion = 46;
	objects = {

/* Begin PBXBuildFile section */
		F6A981891B6E5D1F007D2955 /* main.m in Sources */ = {isa = PBXBuildFile; fileRef = F6A981881B6E5D1F007D2955 /* main.m */; };
		F6A9818C1B6E5D1F007D2955 /* AppDelegate.m in Sources */ = {isa = PBXBuildFile; fileRef = F6A9818B1B6E5D1F007D2955 /* AppDelegate.m */; };
		F6A9818F1B6E5D1F007D2955 /* HypnosisViewController.m in Sources */ = {isa = PBXBuildFile; fileRef = F6A9818E1B6E5D1F007D2955 /* HypnosisViewController.m */; };
		F6A981921B6E5D1F007D2955 /* Main.storyboard in Resources */ = {isa = PBXBuildFile; fileRef = F6A981901B6E5D1F007D2955 /* Main.storyboard */; };
		F6A981941B6E5D1F007D2955 /* Images.xcassets in Resources */ = {isa = PBXBuildFile; fileRef = F6A981931B6E5D1F007D2955 /* Images.xcassets */; };
		F6A981971B6E5D1F007D2955 /* LaunchScreen.xib in Resources */ = {isa = PBXBuildFile; fileRef = F6A981951B6E5D1F007D2955 /* LaunchScreen.xib */; };
		F6A981A31B6E5D1F007D2955 /* Sec0601HynoNerdTests.m in Sources */ = {isa = PBXBuildFile; fileRef = F6A981A21B6E5D1F007D2955 /* Sec0601HynoNerdTests.m */; };
		F6A981AE1B6E5DC3007D2955 /* HypnosisView.m in Sources */ = {isa = PBXBuildFile; fileRef = F6A981AD1B6E5DC3007D2955 /* HypnosisView.m */; };
		F6A981B11B6E676A007D2955 /* BNRReminderViewController.m in Sources */ = {isa = PBXBuildFile; fileRef = F6A981B01B6E676A007D2955 /* BNRReminderViewController.m */; };
		F6A981B41B6E72C2007D2955 /* Time.png in Resources */ = {isa = PBXBuildFile; fileRef = F6A981B21B6E72C2007D2955 /* Time.png */; };
		F6A981B51B6E72C2007D2955 /* Time@2x.png in Resources */ = {isa = PBXBuildFile; fileRef = F6A981B31B6E72C2007D2955 /* Time@2x.png */; };
		F6A981B81B6E72D1007D2955 /* Hypno.png in Resources */ = {isa = PBXBuildFile; fileRef = F6A981B61B6E72D1007D2955 /* Hypno.png */; };
		F6A981B91B6E72D1007D2955 /* Hypno@2x.png in Resources */ = {isa = PBXBuildFile; fileRef = F6A981B71B6E72D1007D2955 /* Hypno@2x.png */; };
/* End PBXBuildFile section */

/* Begin PBXContainerItemProxy section */
		F6A9819D1B6E5D1F007D2955 /* PBXContainerItemProxy */ = {
			isa = PBXContainerItemProxy;
			containerPortal = F6A9817B1B6E5D1F007D2955 /* Project object */;
			proxyType = 1;
			remoteGlobalIDString = F6A981821B6E5D1F007D2955;
			remoteInfo = Sec0601HynoNerd;
		};
/* End PBXContainerItemProxy section */

/* Begin PBXFileReference section */
		F6A981831B6E5D1F007D2955 /* Sec0601HynoNerd.app */ = {isa = PBXFileReference; explicitFileType = wrapper.application; includeInIndex = 0; path = Sec0601HynoNerd.app; sourceTree = BUILT_PRODUCTS_DIR; };
		F6A981871B6E5D1F007D2955 /* Info.plist */ = {isa = PBXFileReference; lastKnownFileType = text.plist.xml; path = Info.plist; sourceTree = "<group>"; };
		F6A981881B6E5D1F007D2955 /* main.m */ = {isa = PBXFileReference; lastKnownFileType = sourcecode.c.objc; path = main.m; sourceTree = "<group>"; };
		F6A9818A1B6E5D1F007D2955 /* AppDelegate.h */ = {isa = PBXFileReference; lastKnownFileType = sourcecode.c.h; path = AppDelegate.h; sourceTree = "<group>"; };
		F6A9818B1B6E5D1F007D2955 /* AppDelegate.m */ = {isa = PBXFileReference; lastKnownFileType = sourcecode.c.objc; path = AppDelegate.m; sourceTree = "<group>"; };
		F6A9818D1B6E5D1F007D2955 /* HypnosisViewController.h */ = {isa = PBXFileReference; lastKnownFileType = sourcecode.c.h; path = HypnosisViewController.h; sourceTree = "<group>"; };
		F6A9818E1B6E5D1F007D2955 /* HypnosisViewController.m */ = {isa = PBXFileReference; lastKnownFileType = sourcecode.c.objc; path = HypnosisViewController.m; sourceTree = "<group>"; };
		F6A981911B6E5D1F007D2955 /* Base */ = {isa = PBXFileReference; lastKnownFileType = file.storyboard; name = Base; path = Base.lproj/Main.storyboard; sourceTree = "<group>"; };
		F6A981931B6E5D1F007D2955 /* Images.xcassets */ = {isa = PBXFileReference; lastKnownFileType = folder.assetcatalog; path = Images.xcassets; sourceTree = "<group>"; };
		F6A981961B6E5D1F007D2955 /* Base */ = {isa = PBXFileReference; lastKnownFileType = file.xib; name = Base; path = Base.lproj/LaunchScreen.xib; sourceTree = "<group>"; };
		F6A9819C1B6E5D1F007D2955 /* Sec0601HynoNerdTests.xctest */ = {isa = PBXFileReference; explicitFileType = wrapper.cfbundle; includeInIndex = 0; path = Sec0601HynoNerdTests.xctest; sourceTree = BUILT_PRODUCTS_DIR; };
		F6A981A11B6E5D1F007D2955 /* Info.plist */ = {isa = PBXFileReference; lastKnownFileType = text.plist.xml; path = Info.plist; sourceTree = "<group>"; };
		F6A981A21B6E5D1F007D2955 /* Sec0601HynoNerdTests.m */ = {isa = PBXFileReference; lastKnownFileType = sourcecode.c.objc; path = Sec0601HynoNerdTests.m; sourceTree = "<group>"; };
		F6A981AC1B6E5DC3007D2955 /* HypnosisView.h */ = {isa = PBXFileReference; fileEncoding = 4; lastKnownFileType = sourcecode.c.h; path = HypnosisView.h; sourceTree = "<group>"; };
		F6A981AD1B6E5DC3007D2955 /* HypnosisView.m */ = {isa = PBXFileReference; fileEncoding = 4; lastKnownFileType = sourcecode.c.objc; path = HypnosisView.m; sourceTree = "<group>"; };
		F6A981AF1B6E676A007D2955 /* BNRReminderViewController.h */ = {isa = PBXFileReference; fileEncoding = 4; lastKnownFileType = sourcecode.c.h; path = BNRReminderViewController.h; sourceTree = "<group>"; };
		F6A981B01B6E676A007D2955 /* BNRReminderViewController.m */ = {isa = PBXFileReference; fileEncoding = 4; lastKnownFileType = sourcecode.c.objc; path = BNRReminderViewController.m; sourceTree = "<group>"; };
		F6A981B21B6E72C2007D2955 /* Time.png */ = {isa = PBXFileReference; lastKnownFileType = image.png; path = Time.png; sourceTree = "<group>"; };
		F6A981B31B6E72C2007D2955 /* Time@2x.png */ = {isa = PBXFileReference; lastKnownFileType = image.png; path = "Time@2x.png"; sourceTree = "<group>"; };
		F6A981B61B6E72D1007D2955 /* Hypno.png */ = {isa = PBXFileReference; lastKnownFileType = image.png; path = Hypno.png; sourceTree = "<group>"; };
		F6A981B71B6E72D1007D2955 /* Hypno@2x.png */ = {isa = PBXFileReference; lastKnownFileType = image.png; path = "Hypno@2x.png"; sourceTree = "<group>"; };
/* End PBXFileReference section */

/* Begin PBXFrameworksBuildPhase section */
		F6A981801B6E5D1F007D2955 /* Frameworks */ = {
			isa = PBXFrameworksBuildPhase;
			buildActionMask = 2147483647;
			files = (
			);
			runOnlyForDeploymentPostprocessing = 0;
		};
		F6A981991B6E5D1F007D2955 /* Frameworks */ = {
			isa = PBXFrameworksBuildPhase;
			buildActionMask = 2147483647;
			files = (
			);
			runOnlyForDeploymentPostprocessing = 0;
		};
/* End PBXFrameworksBuildPhase section */

/* Begin PBXGroup section */
		F6A9817A1B6E5D1F007D2955 = {
			isa = PBXGroup;
			children = (
				F6A981851B6E5D1F007D2955 /* Sec0601HynoNerd */,
				F6A9819F1B6E5D1F007D2955 /* Sec0601HynoNerdTests */,
				F6A981841B6E5D1F007D2955 /* Products */,
			);
			sourceTree = "<group>";
		};
		F6A981841B6E5D1F007D2955 /* Products */ = {
			isa = PBXGroup;
			children = (
				F6A981831B6E5D1F007D2955 /* Sec0601HynoNerd.app */,
				F6A9819C1B6E5D1F007D2955 /* Sec0601HynoNerdTests.xctest */,
			);
			name = Products;
			sourceTree = "<group>";
		};
		F6A981851B6E5D1F007D2955 /* Sec0601HynoNerd */ = {
			isa = PBXGroup;
			children = (
				F6A981B21B6E72C2007D2955 /* Time.png */,
				F6A981B61B6E72D1007D2955 /* Hypno.png */,
				F6A981B71B6E72D1007D2955 /* Hypno@2x.png */,
				F6A981B31B6E72C2007D2955 /* Time@2x.png */,
				F6A9818A1B6E5D1F007D2955 /* AppDelegate.h */,
				F6A9818B1B6E5D1F007D2955 /* AppDelegate.m */,
				F6A9818D1B6E5D1F007D2955 /* HypnosisViewController.h */,
				F6A9818E1B6E5D1F007D2955 /* HypnosisViewController.m */,
				F6A981901B6E5D1F007D2955 /* Main.storyboard */,
				F6A981931B6E5D1F007D2955 /* Images.xcassets */,
				F6A981951B6E5D1F007D2955 /* LaunchScreen.xib */,
				F6A981861B6E5D1F007D2955 /* Supporting Files */,
				F6A981AC1B6E5DC3007D2955 /* HypnosisView.h */,
				F6A981AD1B6E5DC3007D2955 /* HypnosisView.m */,
				F6A981AF1B6E676A007D2955 /* BNRReminderViewController.h */,
				F6A981B01B6E676A007D2955 /* BNRReminderViewController.m */,
			);
			path = Sec0601HynoNerd;
			sourceTree = "<group>";
		};
		F6A981861B6E5D1F007D2955 /* Supporting Files */ = {
			isa = PBXGroup;
			children = (
				F6A981871B6E5D1F007D2955 /* Info.plist */,
				F6A981881B6E5D1F007D2955 /* main.m */,
			);
			name = "Supporting Files";
			sourceTree = "<group>";
		};
		F6A9819F1B6E5D1F007D2955 /* Sec0601HynoNerdTests */ = {
			isa = PBXGroup;
			children = (
				F6A981A21B6E5D1F007D2955 /* Sec0601HynoNerdTests.m */,
				F6A981A01B6E5D1F007D2955 /* Supporting Files */,
			);
			path = Sec0601HynoNerdTests;
			sourceTree = "<group>";
		};
		F6A981A01B6E5D1F007D2955 /* Supporting Files */ = {
			isa = PBXGroup;
			children = (
				F6A981A11B6E5D1F007D2955 /* Info.plist */,
			);
			name = "Supporting Files";
			sourceTree = "<group>";
		};
/* End PBXGroup section */

/* Begin PBXNativeTarget section */
		F6A981821B6E5D1F007D2955 /* Sec0601HynoNerd */ = {
			isa = PBXNativeTarget;
			buildConfigurationList = F6A981A61B6E5D1F007D2955 /* Build configuration list for PBXNativeTarget "Sec0601HynoNerd" */;
			buildPhases = (
				F6A9817F1B6E5D1F007D2955 /* Sources */,
				F6A981801B6E5D1F007D2955 /* Frameworks */,
				F6A981811B6E5D1F007D2955 /* Resources */,
			);
			buildRules = (
			);
			dependencies = (
			);
			name = Sec0601HynoNerd;
			productName = Sec0601HynoNerd;
			productReference = F6A981831B6E5D1F007D2955 /* Sec0601HynoNerd.app */;
			productType = "com.apple.product-type.application";
		};
		F6A9819B1B6E5D1F007D2955 /* Sec0601HynoNerdTests */ = {
			isa = PBXNativeTarget;
			buildConfigurationList = F6A981A91B6E5D1F007D2955 /* Build configuration list for PBXNativeTarget "Sec0601HynoNerdTests" */;
			buildPhases = (
				F6A981981B6E5D1F007D2955 /* Sources */,
				F6A981991B6E5D1F007D2955 /* Frameworks */,
				F6A9819A1B6E5D1F007D2955 /* Resources */,
			);
			buildRules = (
			);
			dependencies = (
				F6A9819E1B6E5D1F007D2955 /* PBXTargetDependency */,
			);
			name = Sec0601HynoNerdTests;
			productName = Sec0601HynoNerdTests;
			productReference = F6A9819C1B6E5D1F007D2955 /* Sec0601HynoNerdTests.xctest */;
			productType = "com.apple.product-type.bundle.unit-test";
		};
/* End PBXNativeTarget section */

/* Begin PBXProject section */
		F6A9817B1B6E5D1F007D2955 /* Project object */ = {
			isa = PBXProject;
			attributes = {
				LastUpgradeCheck = 0640;
				ORGANIZATIONNAME = binglen;
				TargetAttributes = {
					F6A981821B6E5D1F007D2955 = {
						CreatedOnToolsVersion = 6.4;
					};
					F6A9819B1B6E5D1F007D2955 = {
						CreatedOnToolsVersion = 6.4;
						TestTargetID = F6A981821B6E5D1F007D2955;
					};
				};
			};
			buildConfigurationList = F6A9817E1B6E5D1F007D2955 /* Build configuration list for PBXProject "Sec0601HynoNerd" */;
			compatibilityVersion = "Xcode 3.2";
			developmentRegion = English;
			hasScannedForEncodings = 0;
			knownRegions = (
				en,
				Base,
			);
			mainGroup = F6A9817A1B6E5D1F007D2955;
			productRefGroup = F6A981841B6E5D1F007D2955 /* Products */;
			projectDirPath = "";
			projectRoot = "";
			targets = (
				F6A981821B6E5D1F007D2955 /* Sec0601HynoNerd */,
				F6A9819B1B6E5D1F007D2955 /* Sec0601HynoNerdTests */,
			);
		};
/* End PBXProject section */

/* Begin PBXResourcesBuildPhase section */
		F6A981811B6E5D1F007D2955 /* Resources */ = {
			isa = PBXResourcesBuildPhase;
			buildActionMask = 2147483647;
			files = (
				F6A981921B6E5D1F007D2955 /* Main.storyboard in Resources */,
				F6A981971B6E5D1F007D2955 /* LaunchScreen.xib in Resources */,
				F6A981B81B6E72D1007D2955 /* Hypno.png in Resources */,
				F6A981B41B6E72C2007D2955 /* Time.png in Resources */,
				F6A981B91B6E72D1007D2955 /* Hypno@2x.png in Resources */,
				F6A981941B6E5D1F007D2955 /* Images.xcassets in Resources */,
				F6A981B51B6E72C2007D2955 /* Time@2x.png in Resources */,
			);
			runOnlyForDeploymentPostprocessing = 0;
		};
		F6A9819A1B6E5D1F007D2955 /* Resources */ = {
			isa = PBXResourcesBuildPhase;
			buildActionMask = 2147483647;
			files = (
			);
			runOnlyForDeploymentPostprocessing = 0;
		};
/* End PBXResourcesBuildPhase section */

/* Begin PBXSourcesBuildPhase section */
		F6A9817F1B6E5D1F007D2955 /* Sources */ = {
			isa = PBXSourcesBuildPhase;
			buildActionMask = 2147483647;
			files = (
				F6A9818F1B6E5D1F007D2955 /* HypnosisViewController.m in Sources */,
				F6A981AE1B6E5DC3007D2955 /* HypnosisView.m in Sources */,
				F6A9818C1B6E5D1F007D2955 /* AppDelegate.m in Sources */,
				F6A981B11B6E676A007D2955 /* BNRReminderViewController.m in Sources */,
				F6A981891B6E5D1F007D2955 /* main.m in Sources */,
			);
			runOnlyForDeploymentPostprocessing = 0;
		};
		F6A981981B6E5D1F007D2955 /* Sources */ = {
			isa = PBXSourcesBuildPhase;
			buildActionMask = 2147483647;
			files = (
				F6A981A31B6E5D1F007D2955 /* Sec0601HynoNerdTests.m in Sources */,
			);
			runOnlyForDeploymentPostprocessing = 0;
		};
/* End PBXSourcesBuildPhase section */

/* Begin PBXTargetDependency section */
		F6A9819E1B6E5D1F007D2955 /* PBXTargetDependency */ = {
			isa = PBXTargetDependency;
			target = F6A981821B6E5D1F007D2955 /* Sec0601HynoNerd */;
			targetProxy = F6A9819D1B6E5D1F007D2955 /* PBXContainerItemProxy */;
		};
/* End PBXTargetDependency section */

/* Begin PBXVariantGroup section */
		F6A981901B6E5D1F007D2955 /* Main.storyboard */ = {
			isa = PBXVariantGroup;
			children = (
				F6A981911B6E5D1F007D2955 /* Base */,
			);
			name = Main.storyboard;
			sourceTree = "<group>";
		};
		F6A981951B6E5D1F007D2955 /* LaunchScreen.xib */ = {
			isa = PBXVariantGroup;
			children = (
				F6A981961B6E5D1F007D2955 /* Base */,
			);
			name = LaunchScreen.xib;
			sourceTree = "<group>";
		};
/* End PBXVariantGroup section */

/* Begin XCBuildConfiguration section */
		F6A981A41B6E5D1F007D2955 /* Debug */ = {
			isa = XCBuildConfiguration;
			buildSettings = {
				ALWAYS_SEARCH_USER_PATHS = NO;
				CLANG_CXX_LANGUAGE_STANDARD = "gnu++0x";
				CLANG_CXX_LIBRARY = "libc++";
				CLANG_ENABLE_MODULES = YES;
				CLANG_ENABLE_OBJC_ARC = YES;
				CLANG_WARN_BOOL_CONVERSION = YES;
				CLANG_WARN_CONSTANT_CONVERSION = YES;
				CLANG_WARN_DIRECT_OBJC_ISA_USAGE = YES_ERROR;
				CLANG_WARN_EMPTY_BODY = YES;
				CLANG_WARN_ENUM_CONVERSION = YES;
				CLANG_WARN_INT_CONVERSION = YES;
				CLANG_WARN_OBJC_ROOT_CLASS = YES_ERROR;
				CLANG_WARN_UNREACHABLE_CODE = YES;
				CLANG_WARN__DUPLICATE_METHOD_MATCH = YES;
				"CODE_SIGN_IDENTITY[sdk=iphoneos*]" = "iPhone Developer";
				COPY_PHASE_STRIP = NO;
				DEBUG_INFORMATION_FORMAT = "dwarf-with-dsym";
				ENABLE_STRICT_OBJC_MSGSEND = YES;
				GCC_C_LANGUAGE_STANDARD = gnu99;
				GCC_DYNAMIC_NO_PIC = NO;
				GCC_NO_COMMON_BLOCKS = YES;
				GCC_OPTIMIZATION_LEVEL = 0;
				GCC_PREPROCESSOR_DEFINITIONS = (
					"DEBUG=1",
					"$(inherited)",
				);
				GCC_SYMBOLS_PRIVATE_EXTERN = NO;
				GCC_WARN_64_TO_32_BIT_CONVERSION = YES;
				GCC_WARN_ABOUT_RETURN_TYPE = YES_ERROR;
				GCC_WARN_UNDECLARED_SELECTOR = YES;
				GCC_WARN_UNINITIALIZED_AUTOS = YES_AGGRESSIVE;
				GCC_WARN_UNUSED_FUNCTION = YES;
				GCC_WARN_UNUSED_VARIABLE = YES;
				IPHONEOS_DEPLOYMENT_TARGET = 8.4;
				MTL_ENABLE_DEBUG_INFO = YES;
				ONLY_ACTIVE_ARCH = YES;
				SDKROOT = iphoneos;
			};
			name = Debug;
		};
		F6A981A51B6E5D1F007D2955 /* Release */ = {
			isa = XCBuildConfiguration;
			buildSettings = {
				ALWAYS_SEARCH_USER_PATHS = NO;
				CLANG_CXX_LANGUAGE_STANDARD = "gnu++0x";
				CLANG_CXX_LIBRARY = "libc++";
				CLANG_ENABLE_MODULES = YES;
				CLANG_ENABLE_OBJC_ARC = YES;
				CLANG_WARN_BOOL_CONVERSION = YES;
				CLANG_WARN_CONSTANT_CONVERSION = YES;
				CLANG_WARN_DIRECT_OBJC_ISA_USAGE = YES_ERROR;
				CLANG_WARN_EMPTY_BODY = YES;
				CLANG_WARN_ENUM_CONVERSION = YES;
				CLANG_WARN_INT_CONVERSION = YES;
				CLANG_WARN_OBJC_ROOT_CLASS = YES_ERROR;
				CLANG_WARN_UNREACHABLE_CODE = YES;
				CLANG_WARN__DUPLICATE_METHOD_MATCH = YES;
				"CODE_SIGN_IDENTITY[sdk=iphoneos*]" = "iPhone Developer";
				COPY_PHASE_STRIP = NO;
				DEBUG_INFORMATION_FORMAT = "dwarf-with-dsym";
				ENABLE_NS_ASSERTIONS = NO;
				ENABLE_STRICT_OBJC_MSGSEND = YES;
				GCC_C_LANGUAGE_STANDARD = gnu99;
				GCC_NO_COMMON_BLOCKS = YES;
				GCC_WARN_64_TO_32_BIT_CONVERSION = YES;
				GCC_WARN_ABOUT_RETURN_TYPE = YES_ERROR;
				GCC_WARN_UNDECLARED_SELECTOR = YES;
				GCC_WARN_UNINITIALIZED_AUTOS = YES_AGGRESSIVE;
				GCC_WARN_UNUSED_FUNCTION = YES;
				GCC_WARN_UNUSED_VARIABLE = YES;
				IPHONEOS_DEPLOYMENT_TARGET = 8.4;
				MTL_ENABLE_DEBUG_INFO = NO;
				SDKROOT = iphoneos;
				VALIDATE_PRODUCT = YES;
			};
			name = Release;
		};
		F6A981A71B6E5D1F007D2955 /* Debug */ = {
			isa = XCBuildConfiguration;
			buildSettings = {
				ASSETCATALOG_COMPILER_APPICON_NAME = AppIcon;
				INFOPLIST_FILE = Sec0601HynoNerd/Info.plist;
				LD_RUNPATH_SEARCH_PATHS = "$(inherited) @executable_path/Frameworks";
				PRODUCT_NAME = "$(TARGET_NAME)";
			};
			name = Debug;
		};
		F6A981A81B6E5D1F007D2955 /* Release */ = {
			isa = XCBuildConfiguration;
			buildSettings = {
				ASSETCATALOG_COMPILER_APPICON_NAME = AppIcon;
				INFOPLIST_FILE = Sec0601HynoNerd/Info.plist;
				LD_RUNPATH_SEARCH_PATHS = "$(inherited) @executable_path/Frameworks";
				PRODUCT_NAME = "$(TARGET_NAME)";
			};
			name = Release;
		};
		F6A981AA1B6E5D1F007D2955 /* Debug */ = {
			isa = XCBuildConfiguration;
			buildSettings = {
				BUNDLE_LOADER = "$(TEST_HOST)";
				FRAMEWORK_SEARCH_PATHS = (
					"$(SDKROOT)/Developer/Library/Frameworks",
					"$(inherited)",
				);
				GCC_PREPROCESSOR_DEFINITIONS = (
					"DEBUG=1",
					"$(inherited)",
				);
				INFOPLIST_FILE = Sec0601HynoNerdTests/Info.plist;
				LD_RUNPATH_SEARCH_PATHS = "$(inherited) @executable_path/Frameworks @loader_path/Frameworks";
				PRODUCT_NAME = "$(TARGET_NAME)";
				TEST_HOST = "$(BUILT_PRODUCTS_DIR)/Sec0601HynoNerd.app/Sec0601HynoNerd";
			};
			name = Debug;
		};
		F6A981AB1B6E5D1F007D2955 /* Release */ = {
			isa = XCBuildConfiguration;
			buildSettings = {
				BUNDLE_LOADER = "$(TEST_HOST)";
				FRAMEWORK_SEARCH_PATHS = (
					"$(SDKROOT)/Developer/Library/Frameworks",
					"$(inherited)",
				);
				INFOPLIST_FILE = Sec0601HynoNerdTests/Info.plist;
				LD_RUNPATH_SEARCH_PATHS = "$(inherited) @executable_path/Frameworks @loader_path/Frameworks";
				PRODUCT_NAME = "$(TARGET_NAME)";
				TEST_HOST = "$(BUILT_PRODUCTS_DIR)/Sec0601HynoNerd.app/Sec0601HynoNerd";
			};
			name = Release;
		};
/* End XCBuildConfiguration section */

/* Begin XCConfigurationList section */
		F6A9817E1B6E5D1F007D2955 /* Build configuration list for PBXProject "Sec0601HynoNerd" */ = {
			isa = XCConfigurationList;
			buildConfigurations = (
				F6A981A41B6E5D1F007D2955 /* Debug */,
				F6A981A51B6E5D1F007D2955 /* Release */,
			);
			defaultConfigurationIsVisible = 0;
			defaultConfigurationName = Release;
		};
		F6A981A61B6E5D1F007D2955 /* Build configuration list for PBXNativeTarget "Sec0601HynoNerd" */ = {
			isa = XCConfigurationList;
			buildConfigurations = (
				F6A981A71B6E5D1F007D2955 /* Debug */,
				F6A981A81B6E5D1F007D2955 /* Release */,
			);
			defaultConfigurationIsVisible = 0;
		};
		F6A981A91B6E5D1F007D2955 /* Build configuration list for PBXNativeTarget "Sec0601HynoNerdTests" */ = {
			isa = XCConfigurationList;
			buildConfigurations = (
				F6A981AA1B6E5D1F007D2955 /* Debug */,
				F6A981AB1B6E5D1F007D2955 /* Release */,
			);
			defaultConfigurationIsVisible = 0;
		};
/* End XCConfigurationList section */
	};
	rootObject = F6A9817B1B6E5D1F007D2955 /* Project object */;
}
