// !$*UTF8*$!
{
	archiveVersion = 1;
	classes = {
	};
	objectVersion = 46;
	objects = {

/* Begin PBXBuildFile section */
		F6B7B9421B6C8CEF00660690 /* main.m in Sources */ = {isa = PBXBuildFile; fileRef = F6B7B9411B6C8CEF00660690 /* main.m */; };
		F6B7B9451B6C8CEF00660690 /* AppDelegate.m in Sources */ = {isa = PBXBuildFile; fileRef = F6B7B9441B6C8CEF00660690 /* AppDelegate.m */; };
		F6B7B9481B6C8CEF00660690 /* ViewController.m in Sources */ = {isa = PBXBuildFile; fileRef = F6B7B9471B6C8CEF00660690 /* ViewController.m */; };
		F6B7B94B1B6C8CEF00660690 /* Main.storyboard in Resources */ = {isa = PBXBuildFile; fileRef = F6B7B9491B6C8CEF00660690 /* Main.storyboard */; };
		F6B7B94D1B6C8CEF00660690 /* Images.xcassets in Resources */ = {isa = PBXBuildFile; fileRef = F6B7B94C1B6C8CEF00660690 /* Images.xcassets */; };
		F6B7B9501B6C8CEF00660690 /* LaunchScreen.xib in Resources */ = {isa = PBXBuildFile; fileRef = F6B7B94E1B6C8CEF00660690 /* LaunchScreen.xib */; };
		F6B7B95C1B6C8CEF00660690 /* Sec04HypnosisterTests.m in Sources */ = {isa = PBXBuildFile; fileRef = F6B7B95B1B6C8CEF00660690 /* Sec04HypnosisterTests.m */; };
		F6B7B9671B6CF6FA00660690 /* BNRHypnosisView.m in Sources */ = {isa = PBXBuildFile; fileRef = F6B7B9661B6CF6FA00660690 /* BNRHypnosisView.m */; };
/* End PBXBuildFile section */

/* Begin PBXContainerItemProxy section */
		F6B7B9561B6C8CEF00660690 /* PBXContainerItemProxy */ = {
			isa = PBXContainerItemProxy;
			containerPortal = F6B7B9341B6C8CEF00660690 /* Project object */;
			proxyType = 1;
			remoteGlobalIDString = F6B7B93B1B6C8CEF00660690;
			remoteInfo = Sec04Hypnosister;
		};
/* End PBXContainerItemProxy section */

/* Begin PBXFileReference section */
		F6B7B93C1B6C8CEF00660690 /* Sec04Hypnosister.app */ = {isa = PBXFileReference; explicitFileType = wrapper.application; includeInIndex = 0; path = Sec04Hypnosister.app; sourceTree = BUILT_PRODUCTS_DIR; };
		F6B7B9401B6C8CEF00660690 /* Info.plist */ = {isa = PBXFileReference; lastKnownFileType = text.plist.xml; path = Info.plist; sourceTree = "<group>"; };
		F6B7B9411B6C8CEF00660690 /* main.m */ = {isa = PBXFileReference; lastKnownFileType = sourcecode.c.objc; path = main.m; sourceTree = "<group>"; };
		F6B7B9431B6C8CEF00660690 /* AppDelegate.h */ = {isa = PBXFileReference; lastKnownFileType = sourcecode.c.h; path = AppDelegate.h; sourceTree = "<group>"; };
		F6B7B9441B6C8CEF00660690 /* AppDelegate.m */ = {isa = PBXFileReference; lastKnownFileType = sourcecode.c.objc; path = AppDelegate.m; sourceTree = "<group>"; };
		F6B7B9461B6C8CEF00660690 /* ViewController.h */ = {isa = PBXFileReference; lastKnownFileType = sourcecode.c.h; path = ViewController.h; sourceTree = "<group>"; };
		F6B7B9471B6C8CEF00660690 /* ViewController.m */ = {isa = PBXFileReference; lastKnownFileType = sourcecode.c.objc; path = ViewController.m; sourceTree = "<group>"; };
		F6B7B94A1B6C8CEF00660690 /* Base */ = {isa = PBXFileReference; lastKnownFileType = file.storyboard; name = Base; path = Base.lproj/Main.storyboard; sourceTree = "<group>"; };
		F6B7B94C1B6C8CEF00660690 /* Images.xcassets */ = {isa = PBXFileReference; lastKnownFileType = folder.assetcatalog; path = Images.xcassets; sourceTree = "<group>"; };
		F6B7B94F1B6C8CEF00660690 /* Base */ = {isa = PBXFileReference; lastKnownFileType = file.xib; name = Base; path = Base.lproj/LaunchScreen.xib; sourceTree = "<group>"; };
		F6B7B9551B6C8CEF00660690 /* Sec04HypnosisterTests.xctest */ = {isa = PBXFileReference; explicitFileType = wrapper.cfbundle; includeInIndex = 0; path = Sec04HypnosisterTests.xctest; sourceTree = BUILT_PRODUCTS_DIR; };
		F6B7B95A1B6C8CEF00660690 /* Info.plist */ = {isa = PBXFileReference; lastKnownFileType = text.plist.xml; path = Info.plist; sourceTree = "<group>"; };
		F6B7B95B1B6C8CEF00660690 /* Sec04HypnosisterTests.m */ = {isa = PBXFileReference; lastKnownFileType = sourcecode.c.objc; path = Sec04HypnosisterTests.m; sourceTree = "<group>"; };
		F6B7B9651B6CF6FA00660690 /* BNRHypnosisView.h */ = {isa = PBXFileReference; fileEncoding = 4; lastKnownFileType = sourcecode.c.h; path = BNRHypnosisView.h; sourceTree = "<group>"; };
		F6B7B9661B6CF6FA00660690 /* BNRHypnosisView.m */ = {isa = PBXFileReference; fileEncoding = 4; lastKnownFileType = sourcecode.c.objc; path = BNRHypnosisView.m; sourceTree = "<group>"; };
/* End PBXFileReference section */

/* Begin PBXFrameworksBuildPhase section */
		F6B7B9391B6C8CEF00660690 /* Frameworks */ = {
			isa = PBXFrameworksBuildPhase;
			buildActionMask = 2147483647;
			files = (
			);
			runOnlyForDeploymentPostprocessing = 0;
		};
		F6B7B9521B6C8CEF00660690 /* Frameworks */ = {
			isa = PBXFrameworksBuildPhase;
			buildActionMask = 2147483647;
			files = (
			);
			runOnlyForDeploymentPostprocessing = 0;
		};
/* End PBXFrameworksBuildPhase section */

/* Begin PBXGroup section */
		F6B7B9331B6C8CEF00660690 = {
			isa = PBXGroup;
			children = (
				F6B7B93E1B6C8CEF00660690 /* Sec04Hypnosister */,
				F6B7B9581B6C8CEF00660690 /* Sec04HypnosisterTests */,
				F6B7B93D1B6C8CEF00660690 /* Products */,
			);
			sourceTree = "<group>";
		};
		F6B7B93D1B6C8CEF00660690 /* Products */ = {
			isa = PBXGroup;
			children = (
				F6B7B93C1B6C8CEF00660690 /* Sec04Hypnosister.app */,
				F6B7B9551B6C8CEF00660690 /* Sec04HypnosisterTests.xctest */,
			);
			name = Products;
			sourceTree = "<group>";
		};
		F6B7B93E1B6C8CEF00660690 /* Sec04Hypnosister */ = {
			isa = PBXGroup;
			children = (
				F6B7B9431B6C8CEF00660690 /* AppDelegate.h */,
				F6B7B9441B6C8CEF00660690 /* AppDelegate.m */,
				F6B7B9461B6C8CEF00660690 /* ViewController.h */,
				F6B7B9651B6CF6FA00660690 /* BNRHypnosisView.h */,
				F6B7B9661B6CF6FA00660690 /* BNRHypnosisView.m */,
				F6B7B9471B6C8CEF00660690 /* ViewController.m */,
				F6B7B9491B6C8CEF00660690 /* Main.storyboard */,
				F6B7B94C1B6C8CEF00660690 /* Images.xcassets */,
				F6B7B94E1B6C8CEF00660690 /* LaunchScreen.xib */,
				F6B7B93F1B6C8CEF00660690 /* Supporting Files */,
			);
			path = Sec04Hypnosister;
			sourceTree = "<group>";
		};
		F6B7B93F1B6C8CEF00660690 /* Supporting Files */ = {
			isa = PBXGroup;
			children = (
				F6B7B9401B6C8CEF00660690 /* Info.plist */,
				F6B7B9411B6C8CEF00660690 /* main.m */,
			);
			name = "Supporting Files";
			sourceTree = "<group>";
		};
		F6B7B9581B6C8CEF00660690 /* Sec04HypnosisterTests */ = {
			isa = PBXGroup;
			children = (
				F6B7B95B1B6C8CEF00660690 /* Sec04HypnosisterTests.m */,
				F6B7B9591B6C8CEF00660690 /* Supporting Files */,
			);
			path = Sec04HypnosisterTests;
			sourceTree = "<group>";
		};
		F6B7B9591B6C8CEF00660690 /* Supporting Files */ = {
			isa = PBXGroup;
			children = (
				F6B7B95A1B6C8CEF00660690 /* Info.plist */,
			);
			name = "Supporting Files";
			sourceTree = "<group>";
		};
/* End PBXGroup section */

/* Begin PBXNativeTarget section */
		F6B7B93B1B6C8CEF00660690 /* Sec04Hypnosister */ = {
			isa = PBXNativeTarget;
			buildConfigurationList = F6B7B95F1B6C8CEF00660690 /* Build configuration list for PBXNativeTarget "Sec04Hypnosister" */;
			buildPhases = (
				F6B7B9381B6C8CEF00660690 /* Sources */,
				F6B7B9391B6C8CEF00660690 /* Frameworks */,
				F6B7B93A1B6C8CEF00660690 /* Resources */,
			);
			buildRules = (
			);
			dependencies = (
			);
			name = Sec04Hypnosister;
			productName = Sec04Hypnosister;
			productReference = F6B7B93C1B6C8CEF00660690 /* Sec04Hypnosister.app */;
			productType = "com.apple.product-type.application";
		};
		F6B7B9541B6C8CEF00660690 /* Sec04HypnosisterTests */ = {
			isa = PBXNativeTarget;
			buildConfigurationList = F6B7B9621B6C8CEF00660690 /* Build configuration list for PBXNativeTarget "Sec04HypnosisterTests" */;
			buildPhases = (
				F6B7B9511B6C8CEF00660690 /* Sources */,
				F6B7B9521B6C8CEF00660690 /* Frameworks */,
				F6B7B9531B6C8CEF00660690 /* Resources */,
			);
			buildRules = (
			);
			dependencies = (
				F6B7B9571B6C8CEF00660690 /* PBXTargetDependency */,
			);
			name = Sec04HypnosisterTests;
			productName = Sec04HypnosisterTests;
			productReference = F6B7B9551B6C8CEF00660690 /* Sec04HypnosisterTests.xctest */;
			productType = "com.apple.product-type.bundle.unit-test";
		};
/* End PBXNativeTarget section */

/* Begin PBXProject section */
		F6B7B9341B6C8CEF00660690 /* Project object */ = {
			isa = PBXProject;
			attributes = {
				LastUpgradeCheck = 0640;
				ORGANIZATIONNAME = binglen;
				TargetAttributes = {
					F6B7B93B1B6C8CEF00660690 = {
						CreatedOnToolsVersion = 6.4;
					};
					F6B7B9541B6C8CEF00660690 = {
						CreatedOnToolsVersion = 6.4;
						TestTargetID = F6B7B93B1B6C8CEF00660690;
					};
				};
			};
			buildConfigurationList = F6B7B9371B6C8CEF00660690 /* Build configuration list for PBXProject "Sec04Hypnosister" */;
			compatibilityVersion = "Xcode 3.2";
			developmentRegion = English;
			hasScannedForEncodings = 0;
			knownRegions = (
				en,
				Base,
			);
			mainGroup = F6B7B9331B6C8CEF00660690;
			productRefGroup = F6B7B93D1B6C8CEF00660690 /* Products */;
			projectDirPath = "";
			projectRoot = "";
			targets = (
				F6B7B93B1B6C8CEF00660690 /* Sec04Hypnosister */,
				F6B7B9541B6C8CEF00660690 /* Sec04HypnosisterTests */,
			);
		};
/* End PBXProject section */

/* Begin PBXResourcesBuildPhase section */
		F6B7B93A1B6C8CEF00660690 /* Resources */ = {
			isa = PBXResourcesBuildPhase;
			buildActionMask = 2147483647;
			files = (
				F6B7B94B1B6C8CEF00660690 /* Main.storyboard in Resources */,
				F6B7B9501B6C8CEF00660690 /* LaunchScreen.xib in Resources */,
				F6B7B94D1B6C8CEF00660690 /* Images.xcassets in Resources */,
			);
			runOnlyForDeploymentPostprocessing = 0;
		};
		F6B7B9531B6C8CEF00660690 /* Resources */ = {
			isa = PBXResourcesBuildPhase;
			buildActionMask = 2147483647;
			files = (
			);
			runOnlyForDeploymentPostprocessing = 0;
		};
/* End PBXResourcesBuildPhase section */

/* Begin PBXSourcesBuildPhase section */
		F6B7B9381B6C8CEF00660690 /* Sources */ = {
			isa = PBXSourcesBuildPhase;
			buildActionMask = 2147483647;
			files = (
				F6B7B9481B6C8CEF00660690 /* ViewController.m in Sources */,
				F6B7B9451B6C8CEF00660690 /* AppDelegate.m in Sources */,
				F6B7B9671B6CF6FA00660690 /* BNRHypnosisView.m in Sources */,
				F6B7B9421B6C8CEF00660690 /* main.m in Sources */,
			);
			runOnlyForDeploymentPostprocessing = 0;
		};
		F6B7B9511B6C8CEF00660690 /* Sources */ = {
			isa = PBXSourcesBuildPhase;
			buildActionMask = 2147483647;
			files = (
				F6B7B95C1B6C8CEF00660690 /* Sec04HypnosisterTests.m in Sources */,
			);
			runOnlyForDeploymentPostprocessing = 0;
		};
/* End PBXSourcesBuildPhase section */

/* Begin PBXTargetDependency section */
		F6B7B9571B6C8CEF00660690 /* PBXTargetDependency */ = {
			isa = PBXTargetDependency;
			target = F6B7B93B1B6C8CEF00660690 /* Sec04Hypnosister */;
			targetProxy = F6B7B9561B6C8CEF00660690 /* PBXContainerItemProxy */;
		};
/* End PBXTargetDependency section */

/* Begin PBXVariantGroup section */
		F6B7B9491B6C8CEF00660690 /* Main.storyboard */ = {
			isa = PBXVariantGroup;
			children = (
				F6B7B94A1B6C8CEF00660690 /* Base */,
			);
			name = Main.storyboard;
			sourceTree = "<group>";
		};
		F6B7B94E1B6C8CEF00660690 /* LaunchScreen.xib */ = {
			isa = PBXVariantGroup;
			children = (
				F6B7B94F1B6C8CEF00660690 /* Base */,
			);
			name = LaunchScreen.xib;
			sourceTree = "<group>";
		};
/* End PBXVariantGroup section */

/* Begin XCBuildConfiguration section */
		F6B7B95D1B6C8CEF00660690 /* Debug */ = {
			isa = XCBuildConfiguration;
			buildSettings = {
				ALWAYS_SEARCH_USER_PATHS = NO;
				CLANG_CXX_LANGUAGE_STANDARD = "gnu++0x";
				CLANG_CXX_LIBRARY = "libc++";
				CLANG_ENABLE_MODULES = YES;
				CLANG_ENABLE_OBJC_ARC = YES;
				CLANG_WARN_BOOL_CONVERSION = YES;
				CLANG_WARN_CONSTANT_CONVERSION = YES;
				CLANG_WARN_DIRECT_OBJC_ISA_USAGE = YES_ERROR;
				CLANG_WARN_EMPTY_BODY = YES;
				CLANG_WARN_ENUM_CONVERSION = YES;
				CLANG_WARN_INT_CONVERSION = YES;
				CLANG_WARN_OBJC_ROOT_CLASS = YES_ERROR;
				CLANG_WARN_UNREACHABLE_CODE = YES;
				CLANG_WARN__DUPLICATE_METHOD_MATCH = YES;
				"CODE_SIGN_IDENTITY[sdk=iphoneos*]" = "iPhone Developer";
				COPY_PHASE_STRIP = NO;
				DEBUG_INFORMATION_FORMAT = "dwarf-with-dsym";
				ENABLE_STRICT_OBJC_MSGSEND = YES;
				GCC_C_LANGUAGE_STANDARD = gnu99;
				GCC_DYNAMIC_NO_PIC = NO;
				GCC_NO_COMMON_BLOCKS = YES;
				GCC_OPTIMIZATION_LEVEL = 0;
				GCC_PREPROCESSOR_DEFINITIONS = (
					"DEBUG=1",
					"$(inherited)",
				);
				GCC_SYMBOLS_PRIVATE_EXTERN = NO;
				GCC_WARN_64_TO_32_BIT_CONVERSION = YES;
				GCC_WARN_ABOUT_RETURN_TYPE = YES_ERROR;
				GCC_WARN_UNDECLARED_SELECTOR = YES;
				GCC_WARN_UNINITIALIZED_AUTOS = YES_AGGRESSIVE;
				GCC_WARN_UNUSED_FUNCTION = YES;
				GCC_WARN_UNUSED_VARIABLE = YES;
				IPHONEOS_DEPLOYMENT_TARGET = 8.4;
				MTL_ENABLE_DEBUG_INFO = YES;
				ONLY_ACTIVE_ARCH = YES;
				SDKROOT = iphoneos;
			};
			name = Debug;
		};
		F6B7B95E1B6C8CEF00660690 /* Release */ = {
			isa = XCBuildConfiguration;
			buildSettings = {
				ALWAYS_SEARCH_USER_PATHS = NO;
				CLANG_CXX_LANGUAGE_STANDARD = "gnu++0x";
				CLANG_CXX_LIBRARY = "libc++";
				CLANG_ENABLE_MODULES = YES;
				CLANG_ENABLE_OBJC_ARC = YES;
				CLANG_WARN_BOOL_CONVERSION = YES;
				CLANG_WARN_CONSTANT_CONVERSION = YES;
				CLANG_WARN_DIRECT_OBJC_ISA_USAGE = YES_ERROR;
				CLANG_WARN_EMPTY_BODY = YES;
				CLANG_WARN_ENUM_CONVERSION = YES;
				CLANG_WARN_INT_CONVERSION = YES;
				CLANG_WARN_OBJC_ROOT_CLASS = YES_ERROR;
				CLANG_WARN_UNREACHABLE_CODE = YES;
				CLANG_WARN__DUPLICATE_METHOD_MATCH = YES;
				"CODE_SIGN_IDENTITY[sdk=iphoneos*]" = "iPhone Developer";
				COPY_PHASE_STRIP = NO;
				DEBUG_INFORMATION_FORMAT = "dwarf-with-dsym";
				ENABLE_NS_ASSERTIONS = NO;
				ENABLE_STRICT_OBJC_MSGSEND = YES;
				GCC_C_LANGUAGE_STANDARD = gnu99;
				GCC_NO_COMMON_BLOCKS = YES;
				GCC_WARN_64_TO_32_BIT_CONVERSION = YES;
				GCC_WARN_ABOUT_RETURN_TYPE = YES_ERROR;
				GCC_WARN_UNDECLARED_SELECTOR = YES;
				GCC_WARN_UNINITIALIZED_AUTOS = YES_AGGRESSIVE;
				GCC_WARN_UNUSED_FUNCTION = YES;
				GCC_WARN_UNUSED_VARIABLE = YES;
				IPHONEOS_DEPLOYMENT_TARGET = 8.4;
				MTL_ENABLE_DEBUG_INFO = NO;
				SDKROOT = iphoneos;
				VALIDATE_PRODUCT = YES;
			};
			name = Release;
		};
		F6B7B9601B6C8CEF00660690 /* Debug */ = {
			isa = XCBuildConfiguration;
			buildSettings = {
				ASSETCATALOG_COMPILER_APPICON_NAME = AppIcon;
				INFOPLIST_FILE = Sec04Hypnosister/Info.plist;
				LD_RUNPATH_SEARCH_PATHS = "$(inherited) @executable_path/Frameworks";
				PRODUCT_NAME = "$(TARGET_NAME)";
			};
			name = Debug;
		};
		F6B7B9611B6C8CEF00660690 /* Release */ = {
			isa = XCBuildConfiguration;
			buildSettings = {
				ASSETCATALOG_COMPILER_APPICON_NAME = AppIcon;
				INFOPLIST_FILE = Sec04Hypnosister/Info.plist;
				LD_RUNPATH_SEARCH_PATHS = "$(inherited) @executable_path/Frameworks";
				PRODUCT_NAME = "$(TARGET_NAME)";
			};
			name = Release;
		};
		F6B7B9631B6C8CEF00660690 /* Debug */ = {
			isa = XCBuildConfiguration;
			buildSettings = {
				BUNDLE_LOADER = "$(TEST_HOST)";
				FRAMEWORK_SEARCH_PATHS = (
					"$(SDKROOT)/Developer/Library/Frameworks",
					"$(inherited)",
				);
				GCC_PREPROCESSOR_DEFINITIONS = (
					"DEBUG=1",
					"$(inherited)",
				);
				INFOPLIST_FILE = Sec04HypnosisterTests/Info.plist;
				LD_RUNPATH_SEARCH_PATHS = "$(inherited) @executable_path/Frameworks @loader_path/Frameworks";
				PRODUCT_NAME = "$(TARGET_NAME)";
				TEST_HOST = "$(BUILT_PRODUCTS_DIR)/Sec04Hypnosister.app/Sec04Hypnosister";
			};
			name = Debug;
		};
		F6B7B9641B6C8CEF00660690 /* Release */ = {
			isa = XCBuildConfiguration;
			buildSettings = {
				BUNDLE_LOADER = "$(TEST_HOST)";
				FRAMEWORK_SEARCH_PATHS = (
					"$(SDKROOT)/Developer/Library/Frameworks",
					"$(inherited)",
				);
				INFOPLIST_FILE = Sec04HypnosisterTests/Info.plist;
				LD_RUNPATH_SEARCH_PATHS = "$(inherited) @executable_path/Frameworks @loader_path/Frameworks";
				PRODUCT_NAME = "$(TARGET_NAME)";
				TEST_HOST = "$(BUILT_PRODUCTS_DIR)/Sec04Hypnosister.app/Sec04Hypnosister";
			};
			name = Release;
		};
/* End XCBuildConfiguration section */

/* Begin XCConfigurationList section */
		F6B7B9371B6C8CEF00660690 /* Build configuration list for PBXProject "Sec04Hypnosister" */ = {
			isa = XCConfigurationList;
			buildConfigurations = (
				F6B7B95D1B6C8CEF00660690 /* Debug */,
				F6B7B95E1B6C8CEF00660690 /* Release */,
			);
			defaultConfigurationIsVisible = 0;
			defaultConfigurationName = Release;
		};
		F6B7B95F1B6C8CEF00660690 /* Build configuration list for PBXNativeTarget "Sec04Hypnosister" */ = {
			isa = XCConfigurationList;
			buildConfigurations = (
				F6B7B9601B6C8CEF00660690 /* Debug */,
				F6B7B9611B6C8CEF00660690 /* Release */,
			);
			defaultConfigurationIsVisible = 0;
		};
		F6B7B9621B6C8CEF00660690 /* Build configuration list for PBXNativeTarget "Sec04HypnosisterTests" */ = {
			isa = XCConfigurationList;
			buildConfigurations = (
				F6B7B9631B6C8CEF00660690 /* Debug */,
				F6B7B9641B6C8CEF00660690 /* Release */,
			);
			defaultConfigurationIsVisible = 0;
		};
/* End XCConfigurationList section */
	};
	rootObject = F6B7B9341B6C8CEF00660690 /* Project object */;
}
