// !$*UTF8*$!
{
	archiveVersion = 1;
	classes = {
	};
	objectVersion = 46;
	objects = {

/* Begin PBXBuildFile section */
		F6B9D4081B6A75900036CEC1 /* main.m in Sources */ = {isa = PBXBuildFile; fileRef = F6B9D4071B6A75900036CEC1 /* main.m */; };
		F6B9D4101B6A75CB0036CEC1 /* BNRItem.m in Sources */ = {isa = PBXBuildFile; fileRef = F6B9D40F1B6A75CB0036CEC1 /* BNRItem.m */; };
/* End PBXBuildFile section */

/* Begin PBXCopyFilesBuildPhase section */
		F6B9D4021B6A758F0036CEC1 /* CopyFiles */ = {
			isa = PBXCopyFilesBuildPhase;
			buildActionMask = 2147483647;
			dstPath = /usr/share/man/man1/;
			dstSubfolderSpec = 0;
			files = (
			);
			runOnlyForDeploymentPostprocessing = 1;
		};
/* End PBXCopyFilesBuildPhase section */

/* Begin PBXFileReference section */
		F6B9D4041B6A75900036CEC1 /* Sec02RandomItems */ = {isa = PBXFileReference; explicitFileType = "compiled.mach-o.executable"; includeInIndex = 0; path = Sec02RandomItems; sourceTree = BUILT_PRODUCTS_DIR; };
		F6B9D4071B6A75900036CEC1 /* main.m */ = {isa = PBXFileReference; lastKnownFileType = sourcecode.c.objc; path = main.m; sourceTree = "<group>"; };
		F6B9D40E1B6A75CB0036CEC1 /* BNRItem.h */ = {isa = PBXFileReference; fileEncoding = 4; lastKnownFileType = sourcecode.c.h; path = BNRItem.h; sourceTree = "<group>"; };
		F6B9D40F1B6A75CB0036CEC1 /* BNRItem.m */ = {isa = PBXFileReference; fileEncoding = 4; lastKnownFileType = sourcecode.c.objc; path = BNRItem.m; sourceTree = "<group>"; };
/* End PBXFileReference section */

/* Begin PBXFrameworksBuildPhase section */
		F6B9D4011B6A758F0036CEC1 /* Frameworks */ = {
			isa = PBXFrameworksBuildPhase;
			buildActionMask = 2147483647;
			files = (
			);
			runOnlyForDeploymentPostprocessing = 0;
		};
/* End PBXFrameworksBuildPhase section */

/* Begin PBXGroup section */
		F6B9D3FB1B6A758F0036CEC1 = {
			isa = PBXGroup;
			children = (
				F6B9D4061B6A75900036CEC1 /* Sec02RandomItems */,
				F6B9D4051B6A75900036CEC1 /* Products */,
			);
			sourceTree = "<group>";
		};
		F6B9D4051B6A75900036CEC1 /* Products */ = {
			isa = PBXGroup;
			children = (
				F6B9D4041B6A75900036CEC1 /* Sec02RandomItems */,
			);
			name = Products;
			sourceTree = "<group>";
		};
		F6B9D4061B6A75900036CEC1 /* Sec02RandomItems */ = {
			isa = PBXGroup;
			children = (
				F6B9D4071B6A75900036CEC1 /* main.m */,
				F6B9D40E1B6A75CB0036CEC1 /* BNRItem.h */,
				F6B9D40F1B6A75CB0036CEC1 /* BNRItem.m */,
			);
			path = Sec02RandomItems;
			sourceTree = "<group>";
		};
/* End PBXGroup section */

/* Begin PBXNativeTarget section */
		F6B9D4031B6A758F0036CEC1 /* Sec02RandomItems */ = {
			isa = PBXNativeTarget;
			buildConfigurationList = F6B9D40B1B6A75900036CEC1 /* Build configuration list for PBXNativeTarget "Sec02RandomItems" */;
			buildPhases = (
				F6B9D4001B6A758F0036CEC1 /* Sources */,
				F6B9D4011B6A758F0036CEC1 /* Frameworks */,
				F6B9D4021B6A758F0036CEC1 /* CopyFiles */,
			);
			buildRules = (
			);
			dependencies = (
			);
			name = Sec02RandomItems;
			productName = Sec02RandomItems;
			productReference = F6B9D4041B6A75900036CEC1 /* Sec02RandomItems */;
			productType = "com.apple.product-type.tool";
		};
/* End PBXNativeTarget section */

/* Begin PBXProject section */
		F6B9D3FC1B6A758F0036CEC1 /* Project object */ = {
			isa = PBXProject;
			attributes = {
				LastUpgradeCheck = 0640;
				ORGANIZATIONNAME = binglen;
				TargetAttributes = {
					F6B9D4031B6A758F0036CEC1 = {
						CreatedOnToolsVersion = 6.4;
					};
				};
			};
			buildConfigurationList = F6B9D3FF1B6A758F0036CEC1 /* Build configuration list for PBXProject "Sec02RandomItems" */;
			compatibilityVersion = "Xcode 3.2";
			developmentRegion = English;
			hasScannedForEncodings = 0;
			knownRegions = (
				en,
			);
			mainGroup = F6B9D3FB1B6A758F0036CEC1;
			productRefGroup = F6B9D4051B6A75900036CEC1 /* Products */;
			projectDirPath = "";
			projectRoot = "";
			targets = (
				F6B9D4031B6A758F0036CEC1 /* Sec02RandomItems */,
			);
		};
/* End PBXProject section */

/* Begin PBXSourcesBuildPhase section */
		F6B9D4001B6A758F0036CEC1 /* Sources */ = {
			isa = PBXSourcesBuildPhase;
			buildActionMask = 2147483647;
			files = (
				F6B9D4081B6A75900036CEC1 /* main.m in Sources */,
				F6B9D4101B6A75CB0036CEC1 /* BNRItem.m in Sources */,
			);
			runOnlyForDeploymentPostprocessing = 0;
		};
/* End PBXSourcesBuildPhase section */

/* Begin XCBuildConfiguration section */
		F6B9D4091B6A75900036CEC1 /* Debug */ = {
			isa = XCBuildConfiguration;
			buildSettings = {
				ALWAYS_SEARCH_USER_PATHS = NO;
				CLANG_CXX_LANGUAGE_STANDARD = "gnu++0x";
				CLANG_CXX_LIBRARY = "libc++";
				CLANG_ENABLE_MODULES = YES;
				CLANG_ENABLE_OBJC_ARC = YES;
				CLANG_WARN_BOOL_CONVERSION = YES;
				CLANG_WARN_CONSTANT_CONVERSION = YES;
				CLANG_WARN_DIRECT_OBJC_ISA_USAGE = YES_ERROR;
				CLANG_WARN_EMPTY_BODY = YES;
				CLANG_WARN_ENUM_CONVERSION = YES;
				CLANG_WARN_INT_CONVERSION = YES;
				CLANG_WARN_OBJC_ROOT_CLASS = YES_ERROR;
				CLANG_WARN_UNREACHABLE_CODE = YES;
				CLANG_WARN__DUPLICATE_METHOD_MATCH = YES;
				COPY_PHASE_STRIP = NO;
				DEBUG_INFORMATION_FORMAT = dwarf;
				ENABLE_STRICT_OBJC_MSGSEND = YES;
				GCC_C_LANGUAGE_STANDARD = gnu99;
				GCC_DYNAMIC_NO_PIC = NO;
				GCC_NO_COMMON_BLOCKS = YES;
				GCC_OPTIMIZATION_LEVEL = 0;
				GCC_PREPROCESSOR_DEFINITIONS = (
					"DEBUG=1",
					"$(inherited)",
				);
				GCC_SYMBOLS_PRIVATE_EXTERN = NO;
				GCC_WARN_64_TO_32_BIT_CONVERSION = YES;
				GCC_WARN_ABOUT_RETURN_TYPE = YES_ERROR;
				GCC_WARN_UNDECLARED_SELECTOR = YES;
				GCC_WARN_UNINITIALIZED_AUTOS = YES_AGGRESSIVE;
				GCC_WARN_UNUSED_FUNCTION = YES;
				GCC_WARN_UNUSED_VARIABLE = YES;
				MACOSX_DEPLOYMENT_TARGET = 10.10;
				MTL_ENABLE_DEBUG_INFO = YES;
				ONLY_ACTIVE_ARCH = YES;
				SDKROOT = macosx;
			};
			name = Debug;
		};
		F6B9D40A1B6A75900036CEC1 /* Release */ = {
			isa = XCBuildConfiguration;
			buildSettings = {
				ALWAYS_SEARCH_USER_PATHS = NO;
				CLANG_CXX_LANGUAGE_STANDARD = "gnu++0x";
				CLANG_CXX_LIBRARY = "libc++";
				CLANG_ENABLE_MODULES = YES;
				CLANG_ENABLE_OBJC_ARC = YES;
				CLANG_WARN_BOOL_CONVERSION = YES;
				CLANG_WARN_CONSTANT_CONVERSION = YES;
				CLANG_WARN_DIRECT_OBJC_ISA_USAGE = YES_ERROR;
				CLANG_WARN_EMPTY_BODY = YES;
				CLANG_WARN_ENUM_CONVERSION = YES;
				CLANG_WARN_INT_CONVERSION = YES;
				CLANG_WARN_OBJC_ROOT_CLASS = YES_ERROR;
				CLANG_WARN_UNREACHABLE_CODE = YES;
				CLANG_WARN__DUPLICATE_METHOD_MATCH = YES;
				COPY_PHASE_STRIP = NO;
				DEBUG_INFORMATION_FORMAT = "dwarf-with-dsym";
				ENABLE_NS_ASSERTIONS = NO;
				ENABLE_STRICT_OBJC_MSGSEND = YES;
				GCC_C_LANGUAGE_STANDARD = gnu99;
				GCC_NO_COMMON_BLOCKS = YES;
				GCC_WARN_64_TO_32_BIT_CONVERSION = YES;
				GCC_WARN_ABOUT_RETURN_TYPE = YES_ERROR;
				GCC_WARN_UNDECLARED_SELECTOR = YES;
				GCC_WARN_UNINITIALIZED_AUTOS = YES_AGGRESSIVE;
				GCC_WARN_UNUSED_FUNCTION = YES;
				GCC_WARN_UNUSED_VARIABLE = YES;
				MACOSX_DEPLOYMENT_TARGET = 10.10;
				MTL_ENABLE_DEBUG_INFO = NO;
				SDKROOT = macosx;
			};
			name = Release;
		};
		F6B9D40C1B6A75900036CEC1 /* Debug */ = {
			isa = XCBuildConfiguration;
			buildSettings = {
				PRODUCT_NAME = "$(TARGET_NAME)";
			};
			name = Debug;
		};
		F6B9D40D1B6A75900036CEC1 /* Release */ = {
			isa = XCBuildConfiguration;
			buildSettings = {
				PRODUCT_NAME = "$(TARGET_NAME)";
			};
			name = Release;
		};
/* End XCBuildConfiguration section */

/* Begin XCConfigurationList section */
		F6B9D3FF1B6A758F0036CEC1 /* Build configuration list for PBXProject "Sec02RandomItems" */ = {
			isa = XCConfigurationList;
			buildConfigurations = (
				F6B9D4091B6A75900036CEC1 /* Debug */,
				F6B9D40A1B6A75900036CEC1 /* Release */,
			);
			defaultConfigurationIsVisible = 0;
			defaultConfigurationName = Release;
		};
		F6B9D40B1B6A75900036CEC1 /* Build configuration list for PBXNativeTarget "Sec02RandomItems" */ = {
			isa = XCConfigurationList;
			buildConfigurations = (
				F6B9D40C1B6A75900036CEC1 /* Debug */,
				F6B9D40D1B6A75900036CEC1 /* Release */,
			);
			defaultConfigurationIsVisible = 0;
		};
/* End XCConfigurationList section */
	};
	rootObject = F6B9D3FC1B6A758F0036CEC1 /* Project object */;
}
