// !$*UTF8*$!
{
	archiveVersion = 1;
	classes = {
	};
	objectVersion = 46;
	objects = {

/* Begin PBXBuildFile section */
		F69E5F401BCEAAF400DF8FE5 /* main.m in Sources */ = {isa = PBXBuildFile; fileRef = F69E5F3F1BCEAAF400DF8FE5 /* main.m */; };
		F69E5F431BCEAAF400DF8FE5 /* AppDelegate.m in Sources */ = {isa = PBXBuildFile; fileRef = F69E5F421BCEAAF400DF8FE5 /* AppDelegate.m */; };
		F69E5F461BCEAAF400DF8FE5 /* ViewController.m in Sources */ = {isa = PBXBuildFile; fileRef = F69E5F451BCEAAF400DF8FE5 /* ViewController.m */; };
		F69E5F491BCEAAF400DF8FE5 /* Main.storyboard in Resources */ = {isa = PBXBuildFile; fileRef = F69E5F471BCEAAF400DF8FE5 /* Main.storyboard */; };
		F69E5F4B1BCEAAF400DF8FE5 /* Assets.xcassets in Resources */ = {isa = PBXBuildFile; fileRef = F69E5F4A1BCEAAF400DF8FE5 /* Assets.xcassets */; };
		F69E5F4E1BCEAAF400DF8FE5 /* LaunchScreen.storyboard in Resources */ = {isa = PBXBuildFile; fileRef = F69E5F4C1BCEAAF400DF8FE5 /* LaunchScreen.storyboard */; };
/* End PBXBuildFile section */

/* Begin PBXFileReference section */
		F69E5F3B1BCEAAF400DF8FE5 /* SampleG.app */ = {isa = PBXFileReference; explicitFileType = wrapper.application; includeInIndex = 0; path = SampleG.app; sourceTree = BUILT_PRODUCTS_DIR; };
		F69E5F3F1BCEAAF400DF8FE5 /* main.m */ = {isa = PBXFileReference; lastKnownFileType = sourcecode.c.objc; path = main.m; sourceTree = "<group>"; };
		F69E5F411BCEAAF400DF8FE5 /* AppDelegate.h */ = {isa = PBXFileReference; lastKnownFileType = sourcecode.c.h; path = AppDelegate.h; sourceTree = "<group>"; };
		F69E5F421BCEAAF400DF8FE5 /* AppDelegate.m */ = {isa = PBXFileReference; lastKnownFileType = sourcecode.c.objc; path = AppDelegate.m; sourceTree = "<group>"; };
		F69E5F441BCEAAF400DF8FE5 /* ViewController.h */ = {isa = PBXFileReference; lastKnownFileType = sourcecode.c.h; path = ViewController.h; sourceTree = "<group>"; };
		F69E5F451BCEAAF400DF8FE5 /* ViewController.m */ = {isa = PBXFileReference; lastKnownFileType = sourcecode.c.objc; path = ViewController.m; sourceTree = "<group>"; };
		F69E5F481BCEAAF400DF8FE5 /* Base */ = {isa = PBXFileReference; lastKnownFileType = file.storyboard; name = Base; path = Base.lproj/Main.storyboard; sourceTree = "<group>"; };
		F69E5F4A1BCEAAF400DF8FE5 /* Assets.xcassets */ = {isa = PBXFileReference; lastKnownFileType = folder.assetcatalog; path = Assets.xcassets; sourceTree = "<group>"; };
		F69E5F4D1BCEAAF400DF8FE5 /* Base */ = {isa = PBXFileReference; lastKnownFileType = file.storyboard; name = Base; path = Base.lproj/LaunchScreen.storyboard; sourceTree = "<group>"; };
		F69E5F4F1BCEAAF400DF8FE5 /* Info.plist */ = {isa = PBXFileReference; lastKnownFileType = text.plist.xml; path = Info.plist; sourceTree = "<group>"; };
/* End PBXFileReference section */

/* Begin PBXFrameworksBuildPhase section */
		F69E5F381BCEAAF400DF8FE5 /* Frameworks */ = {
			isa = PBXFrameworksBuildPhase;
			buildActionMask = 2147483647;
			files = (
			);
			runOnlyForDeploymentPostprocessing = 0;
		};
/* End PBXFrameworksBuildPhase section */

/* Begin PBXGroup section */
		F69E5F321BCEAAF400DF8FE5 = {
			isa = PBXGroup;
			children = (
				F69E5F3D1BCEAAF400DF8FE5 /* SampleG */,
				F69E5F3C1BCEAAF400DF8FE5 /* Products */,
			);
			sourceTree = "<group>";
		};
		F69E5F3C1BCEAAF400DF8FE5 /* Products */ = {
			isa = PBXGroup;
			children = (
				F69E5F3B1BCEAAF400DF8FE5 /* SampleG.app */,
			);
			name = Products;
			sourceTree = "<group>";
		};
		F69E5F3D1BCEAAF400DF8FE5 /* SampleG */ = {
			isa = PBXGroup;
			children = (
				F69E5F411BCEAAF400DF8FE5 /* AppDelegate.h */,
				F69E5F421BCEAAF400DF8FE5 /* AppDelegate.m */,
				F69E5F441BCEAAF400DF8FE5 /* ViewController.h */,
				F69E5F451BCEAAF400DF8FE5 /* ViewController.m */,
				F69E5F471BCEAAF400DF8FE5 /* Main.storyboard */,
				F69E5F4A1BCEAAF400DF8FE5 /* Assets.xcassets */,
				F69E5F4C1BCEAAF400DF8FE5 /* LaunchScreen.storyboard */,
				F69E5F4F1BCEAAF400DF8FE5 /* Info.plist */,
				F69E5F3E1BCEAAF400DF8FE5 /* Supporting Files */,
			);
			path = SampleG;
			sourceTree = "<group>";
		};
		F69E5F3E1BCEAAF400DF8FE5 /* Supporting Files */ = {
			isa = PBXGroup;
			children = (
				F69E5F3F1BCEAAF400DF8FE5 /* main.m */,
			);
			name = "Supporting Files";
			sourceTree = "<group>";
		};
/* End PBXGroup section */

/* Begin PBXNativeTarget section */
		F69E5F3A1BCEAAF400DF8FE5 /* SampleG */ = {
			isa = PBXNativeTarget;
			buildConfigurationList = F69E5F521BCEAAF400DF8FE5 /* Build configuration list for PBXNativeTarget "SampleG" */;
			buildPhases = (
				F69E5F371BCEAAF400DF8FE5 /* Sources */,
				F69E5F381BCEAAF400DF8FE5 /* Frameworks */,
				F69E5F391BCEAAF400DF8FE5 /* Resources */,
			);
			buildRules = (
			);
			dependencies = (
			);
			name = SampleG;
			productName = SampleG;
			productReference = F69E5F3B1BCEAAF400DF8FE5 /* SampleG.app */;
			productType = "com.apple.product-type.application";
		};
/* End PBXNativeTarget section */

/* Begin PBXProject section */
		F69E5F331BCEAAF400DF8FE5 /* Project object */ = {
			isa = PBXProject;
			attributes = {
				LastUpgradeCheck = 0700;
				ORGANIZATIONNAME = binglen;
				TargetAttributes = {
					F69E5F3A1BCEAAF400DF8FE5 = {
						CreatedOnToolsVersion = 7.0.1;
					};
				};
			};
			buildConfigurationList = F69E5F361BCEAAF400DF8FE5 /* Build configuration list for PBXProject "SampleG" */;
			compatibilityVersion = "Xcode 3.2";
			developmentRegion = English;
			hasScannedForEncodings = 0;
			knownRegions = (
				en,
				Base,
			);
			mainGroup = F69E5F321BCEAAF400DF8FE5;
			productRefGroup = F69E5F3C1BCEAAF400DF8FE5 /* Products */;
			projectDirPath = "";
			projectRoot = "";
			targets = (
				F69E5F3A1BCEAAF400DF8FE5 /* SampleG */,
			);
		};
/* End PBXProject section */

/* Begin PBXResourcesBuildPhase section */
		F69E5F391BCEAAF400DF8FE5 /* Resources */ = {
			isa = PBXResourcesBuildPhase;
			buildActionMask = 2147483647;
			files = (
				F69E5F4E1BCEAAF400DF8FE5 /* LaunchScreen.storyboard in Resources */,
				F69E5F4B1BCEAAF400DF8FE5 /* Assets.xcassets in Resources */,
				F69E5F491BCEAAF400DF8FE5 /* Main.storyboard in Resources */,
			);
			runOnlyForDeploymentPostprocessing = 0;
		};
/* End PBXResourcesBuildPhase section */

/* Begin PBXSourcesBuildPhase section */
		F69E5F371BCEAAF400DF8FE5 /* Sources */ = {
			isa = PBXSourcesBuildPhase;
			buildActionMask = 2147483647;
			files = (
				F69E5F461BCEAAF400DF8FE5 /* ViewController.m in Sources */,
				F69E5F431BCEAAF400DF8FE5 /* AppDelegate.m in Sources */,
				F69E5F401BCEAAF400DF8FE5 /* main.m in Sources */,
			);
			runOnlyForDeploymentPostprocessing = 0;
		};
/* End PBXSourcesBuildPhase section */

/* Begin PBXVariantGroup section */
		F69E5F471BCEAAF400DF8FE5 /* Main.storyboard */ = {
			isa = PBXVariantGroup;
			children = (
				F69E5F481BCEAAF400DF8FE5 /* Base */,
			);
			name = Main.storyboard;
			sourceTree = "<group>";
		};
		F69E5F4C1BCEAAF400DF8FE5 /* LaunchScreen.storyboard */ = {
			isa = PBXVariantGroup;
			children = (
				F69E5F4D1BCEAAF400DF8FE5 /* Base */,
			);
			name = LaunchScreen.storyboard;
			sourceTree = "<group>";
		};
/* End PBXVariantGroup section */

/* Begin XCBuildConfiguration section */
		F69E5F501BCEAAF400DF8FE5 /* Debug */ = {
			isa = XCBuildConfiguration;
			buildSettings = {
				ALWAYS_SEARCH_USER_PATHS = NO;
				CLANG_CXX_LANGUAGE_STANDARD = "gnu++0x";
				CLANG_CXX_LIBRARY = "libc++";
				CLANG_ENABLE_MODULES = YES;
				CLANG_ENABLE_OBJC_ARC = YES;
				CLANG_WARN_BOOL_CONVERSION = YES;
				CLANG_WARN_CONSTANT_CONVERSION = YES;
				CLANG_WARN_DIRECT_OBJC_ISA_USAGE = YES_ERROR;
				CLANG_WARN_EMPTY_BODY = YES;
				CLANG_WARN_ENUM_CONVERSION = YES;
				CLANG_WARN_INT_CONVERSION = YES;
				CLANG_WARN_OBJC_ROOT_CLASS = YES_ERROR;
				CLANG_WARN_UNREACHABLE_CODE = YES;
				CLANG_WARN__DUPLICATE_METHOD_MATCH = YES;
				"CODE_SIGN_IDENTITY[sdk=iphoneos*]" = "iPhone Developer";
				COPY_PHASE_STRIP = NO;
				DEBUG_INFORMATION_FORMAT = dwarf;
				ENABLE_STRICT_OBJC_MSGSEND = YES;
				ENABLE_TESTABILITY = YES;
				GCC_C_LANGUAGE_STANDARD = gnu99;
				GCC_DYNAMIC_NO_PIC = NO;
				GCC_NO_COMMON_BLOCKS = YES;
				GCC_OPTIMIZATION_LEVEL = 0;
				GCC_PREPROCESSOR_DEFINITIONS = (
					"DEBUG=1",
					"$(inherited)",
				);
				GCC_WARN_64_TO_32_BIT_CONVERSION = YES;
				GCC_WARN_ABOUT_RETURN_TYPE = YES_ERROR;
				GCC_WARN_UNDECLARED_SELECTOR = YES;
				GCC_WARN_UNINITIALIZED_AUTOS = YES_AGGRESSIVE;
				GCC_WARN_UNUSED_FUNCTION = YES;
				GCC_WARN_UNUSED_VARIABLE = YES;
				IPHONEOS_DEPLOYMENT_TARGET = 9.0;
				MTL_ENABLE_DEBUG_INFO = YES;
				ONLY_ACTIVE_ARCH = YES;
				SDKROOT = iphoneos;
			};
			name = Debug;
		};
		F69E5F511BCEAAF400DF8FE5 /* Release */ = {
			isa = XCBuildConfiguration;
			buildSettings = {
				ALWAYS_SEARCH_USER_PATHS = NO;
				CLANG_CXX_LANGUAGE_STANDARD = "gnu++0x";
				CLANG_CXX_LIBRARY = "libc++";
				CLANG_ENABLE_MODULES = YES;
				CLANG_ENABLE_OBJC_ARC = YES;
				CLANG_WARN_BOOL_CONVERSION = YES;
				CLANG_WARN_CONSTANT_CONVERSION = YES;
				CLANG_WARN_DIRECT_OBJC_ISA_USAGE = YES_ERROR;
				CLANG_WARN_EMPTY_BODY = YES;
				CLANG_WARN_ENUM_CONVERSION = YES;
				CLANG_WARN_INT_CONVERSION = YES;
				CLANG_WARN_OBJC_ROOT_CLASS = YES_ERROR;
				CLANG_WARN_UNREACHABLE_CODE = YES;
				CLANG_WARN__DUPLICATE_METHOD_MATCH = YES;
				"CODE_SIGN_IDENTITY[sdk=iphoneos*]" = "iPhone Developer";
				COPY_PHASE_STRIP = NO;
				DEBUG_INFORMATION_FORMAT = "dwarf-with-dsym";
				ENABLE_NS_ASSERTIONS = NO;
				ENABLE_STRICT_OBJC_MSGSEND = YES;
				GCC_C_LANGUAGE_STANDARD = gnu99;
				GCC_NO_COMMON_BLOCKS = YES;
				GCC_WARN_64_TO_32_BIT_CONVERSION = YES;
				GCC_WARN_ABOUT_RETURN_TYPE = YES_ERROR;
				GCC_WARN_UNDECLARED_SELECTOR = YES;
				GCC_WARN_UNINITIALIZED_AUTOS = YES_AGGRESSIVE;
				GCC_WARN_UNUSED_FUNCTION = YES;
				GCC_WARN_UNUSED_VARIABLE = YES;
				IPHONEOS_DEPLOYMENT_TARGET = 9.0;
				MTL_ENABLE_DEBUG_INFO = NO;
				SDKROOT = iphoneos;
				VALIDATE_PRODUCT = YES;
			};
			name = Release;
		};
		F69E5F531BCEAAF400DF8FE5 /* Debug */ = {
			isa = XCBuildConfiguration;
			buildSettings = {
				ASSETCATALOG_COMPILER_APPICON_NAME = AppIcon;
				INFOPLIST_FILE = SampleG/Info.plist;
				LD_RUNPATH_SEARCH_PATHS = "$(inherited) @executable_path/Frameworks";
				PRODUCT_BUNDLE_IDENTIFIER = binglen.SampleG;
				PRODUCT_NAME = "$(TARGET_NAME)";
			};
			name = Debug;
		};
		F69E5F541BCEAAF400DF8FE5 /* Release */ = {
			isa = XCBuildConfiguration;
			buildSettings = {
				ASSETCATALOG_COMPILER_APPICON_NAME = AppIcon;
				INFOPLIST_FILE = SampleG/Info.plist;
				LD_RUNPATH_SEARCH_PATHS = "$(inherited) @executable_path/Frameworks";
				PRODUCT_BUNDLE_IDENTIFIER = binglen.SampleG;
				PRODUCT_NAME = "$(TARGET_NAME)";
			};
			name = Release;
		};
/* End XCBuildConfiguration section */

/* Begin XCConfigurationList section */
		F69E5F361BCEAAF400DF8FE5 /* Build configuration list for PBXProject "SampleG" */ = {
			isa = XCConfigurationList;
			buildConfigurations = (
				F69E5F501BCEAAF400DF8FE5 /* Debug */,
				F69E5F511BCEAAF400DF8FE5 /* Release */,
			);
			defaultConfigurationIsVisible = 0;
			defaultConfigurationName = Release;
		};
		F69E5F521BCEAAF400DF8FE5 /* Build configuration list for PBXNativeTarget "SampleG" */ = {
			isa = XCConfigurationList;
			buildConfigurations = (
				F69E5F531BCEAAF400DF8FE5 /* Debug */,
				F69E5F541BCEAAF400DF8FE5 /* Release */,
			);
			defaultConfigurationIsVisible = 0;
		};
/* End XCConfigurationList section */
	};
	rootObject = F69E5F331BCEAAF400DF8FE5 /* Project object */;
}
