// !$*UTF8*$!
{
	archiveVersion = 1;
	classes = {
	};
	objectVersion = 46;
	objects = {

/* Begin PBXBuildFile section */
		F6FC81751BCD5DFF005C9BFE /* main.m in Sources */ = {isa = PBXBuildFile; fileRef = F6FC81741BCD5DFF005C9BFE /* main.m */; };
		F6FC81781BCD5DFF005C9BFE /* AppDelegate.m in Sources */ = {isa = PBXBuildFile; fileRef = F6FC81771BCD5DFF005C9BFE /* AppDelegate.m */; };
		F6FC817B1BCD5DFF005C9BFE /* ViewController.m in Sources */ = {isa = PBXBuildFile; fileRef = F6FC817A1BCD5DFF005C9BFE /* ViewController.m */; };
		F6FC817E1BCD5DFF005C9BFE /* Main.storyboard in Resources */ = {isa = PBXBuildFile; fileRef = F6FC817C1BCD5DFF005C9BFE /* Main.storyboard */; };
		F6FC81801BCD5DFF005C9BFE /* Assets.xcassets in Resources */ = {isa = PBXBuildFile; fileRef = F6FC817F1BCD5DFF005C9BFE /* Assets.xcassets */; };
		F6FC81831BCD5DFF005C9BFE /* LaunchScreen.storyboard in Resources */ = {isa = PBXBuildFile; fileRef = F6FC81811BCD5DFF005C9BFE /* LaunchScreen.storyboard */; };
/* End PBXBuildFile section */

/* Begin PBXFileReference section */
		F6FC81701BCD5DFF005C9BFE /* SampleF.app */ = {isa = PBXFileReference; explicitFileType = wrapper.application; includeInIndex = 0; path = SampleF.app; sourceTree = BUILT_PRODUCTS_DIR; };
		F6FC81741BCD5DFF005C9BFE /* main.m */ = {isa = PBXFileReference; lastKnownFileType = sourcecode.c.objc; path = main.m; sourceTree = "<group>"; };
		F6FC81761BCD5DFF005C9BFE /* AppDelegate.h */ = {isa = PBXFileReference; lastKnownFileType = sourcecode.c.h; path = AppDelegate.h; sourceTree = "<group>"; };
		F6FC81771BCD5DFF005C9BFE /* AppDelegate.m */ = {isa = PBXFileReference; lastKnownFileType = sourcecode.c.objc; path = AppDelegate.m; sourceTree = "<group>"; };
		F6FC81791BCD5DFF005C9BFE /* ViewController.h */ = {isa = PBXFileReference; lastKnownFileType = sourcecode.c.h; path = ViewController.h; sourceTree = "<group>"; };
		F6FC817A1BCD5DFF005C9BFE /* ViewController.m */ = {isa = PBXFileReference; lastKnownFileType = sourcecode.c.objc; path = ViewController.m; sourceTree = "<group>"; };
		F6FC817D1BCD5DFF005C9BFE /* Base */ = {isa = PBXFileReference; lastKnownFileType = file.storyboard; name = Base; path = Base.lproj/Main.storyboard; sourceTree = "<group>"; };
		F6FC817F1BCD5DFF005C9BFE /* Assets.xcassets */ = {isa = PBXFileReference; lastKnownFileType = folder.assetcatalog; path = Assets.xcassets; sourceTree = "<group>"; };
		F6FC81821BCD5DFF005C9BFE /* Base */ = {isa = PBXFileReference; lastKnownFileType = file.storyboard; name = Base; path = Base.lproj/LaunchScreen.storyboard; sourceTree = "<group>"; };
		F6FC81841BCD5DFF005C9BFE /* Info.plist */ = {isa = PBXFileReference; lastKnownFileType = text.plist.xml; path = Info.plist; sourceTree = "<group>"; };
/* End PBXFileReference section */

/* Begin PBXFrameworksBuildPhase section */
		F6FC816D1BCD5DFF005C9BFE /* Frameworks */ = {
			isa = PBXFrameworksBuildPhase;
			buildActionMask = 2147483647;
			files = (
			);
			runOnlyForDeploymentPostprocessing = 0;
		};
/* End PBXFrameworksBuildPhase section */

/* Begin PBXGroup section */
		F6FC81671BCD5DFF005C9BFE = {
			isa = PBXGroup;
			children = (
				F6FC81721BCD5DFF005C9BFE /* SampleF */,
				F6FC81711BCD5DFF005C9BFE /* Products */,
			);
			sourceTree = "<group>";
		};
		F6FC81711BCD5DFF005C9BFE /* Products */ = {
			isa = PBXGroup;
			children = (
				F6FC81701BCD5DFF005C9BFE /* SampleF.app */,
			);
			name = Products;
			sourceTree = "<group>";
		};
		F6FC81721BCD5DFF005C9BFE /* SampleF */ = {
			isa = PBXGroup;
			children = (
				F6FC81761BCD5DFF005C9BFE /* AppDelegate.h */,
				F6FC81771BCD5DFF005C9BFE /* AppDelegate.m */,
				F6FC81791BCD5DFF005C9BFE /* ViewController.h */,
				F6FC817A1BCD5DFF005C9BFE /* ViewController.m */,
				F6FC817C1BCD5DFF005C9BFE /* Main.storyboard */,
				F6FC817F1BCD5DFF005C9BFE /* Assets.xcassets */,
				F6FC81811BCD5DFF005C9BFE /* LaunchScreen.storyboard */,
				F6FC81841BCD5DFF005C9BFE /* Info.plist */,
				F6FC81731BCD5DFF005C9BFE /* Supporting Files */,
			);
			path = SampleF;
			sourceTree = "<group>";
		};
		F6FC81731BCD5DFF005C9BFE /* Supporting Files */ = {
			isa = PBXGroup;
			children = (
				F6FC81741BCD5DFF005C9BFE /* main.m */,
			);
			name = "Supporting Files";
			sourceTree = "<group>";
		};
/* End PBXGroup section */

/* Begin PBXNativeTarget section */
		F6FC816F1BCD5DFF005C9BFE /* SampleF */ = {
			isa = PBXNativeTarget;
			buildConfigurationList = F6FC81871BCD5DFF005C9BFE /* Build configuration list for PBXNativeTarget "SampleF" */;
			buildPhases = (
				F6FC816C1BCD5DFF005C9BFE /* Sources */,
				F6FC816D1BCD5DFF005C9BFE /* Frameworks */,
				F6FC816E1BCD5DFF005C9BFE /* Resources */,
			);
			buildRules = (
			);
			dependencies = (
			);
			name = SampleF;
			productName = SampleF;
			productReference = F6FC81701BCD5DFF005C9BFE /* SampleF.app */;
			productType = "com.apple.product-type.application";
		};
/* End PBXNativeTarget section */

/* Begin PBXProject section */
		F6FC81681BCD5DFF005C9BFE /* Project object */ = {
			isa = PBXProject;
			attributes = {
				LastUpgradeCheck = 0700;
				ORGANIZATIONNAME = binglen;
				TargetAttributes = {
					F6FC816F1BCD5DFF005C9BFE = {
						CreatedOnToolsVersion = 7.0.1;
					};
				};
			};
			buildConfigurationList = F6FC816B1BCD5DFF005C9BFE /* Build configuration list for PBXProject "SampleF" */;
			compatibilityVersion = "Xcode 3.2";
			developmentRegion = English;
			hasScannedForEncodings = 0;
			knownRegions = (
				en,
				Base,
			);
			mainGroup = F6FC81671BCD5DFF005C9BFE;
			productRefGroup = F6FC81711BCD5DFF005C9BFE /* Products */;
			projectDirPath = "";
			projectRoot = "";
			targets = (
				F6FC816F1BCD5DFF005C9BFE /* SampleF */,
			);
		};
/* End PBXProject section */

/* Begin PBXResourcesBuildPhase section */
		F6FC816E1BCD5DFF005C9BFE /* Resources */ = {
			isa = PBXResourcesBuildPhase;
			buildActionMask = 2147483647;
			files = (
				F6FC81831BCD5DFF005C9BFE /* LaunchScreen.storyboard in Resources */,
				F6FC81801BCD5DFF005C9BFE /* Assets.xcassets in Resources */,
				F6FC817E1BCD5DFF005C9BFE /* Main.storyboard in Resources */,
			);
			runOnlyForDeploymentPostprocessing = 0;
		};
/* End PBXResourcesBuildPhase section */

/* Begin PBXSourcesBuildPhase section */
		F6FC816C1BCD5DFF005C9BFE /* Sources */ = {
			isa = PBXSourcesBuildPhase;
			buildActionMask = 2147483647;
			files = (
				F6FC817B1BCD5DFF005C9BFE /* ViewController.m in Sources */,
				F6FC81781BCD5DFF005C9BFE /* AppDelegate.m in Sources */,
				F6FC81751BCD5DFF005C9BFE /* main.m in Sources */,
			);
			runOnlyForDeploymentPostprocessing = 0;
		};
/* End PBXSourcesBuildPhase section */

/* Begin PBXVariantGroup section */
		F6FC817C1BCD5DFF005C9BFE /* Main.storyboard */ = {
			isa = PBXVariantGroup;
			children = (
				F6FC817D1BCD5DFF005C9BFE /* Base */,
			);
			name = Main.storyboard;
			sourceTree = "<group>";
		};
		F6FC81811BCD5DFF005C9BFE /* LaunchScreen.storyboard */ = {
			isa = PBXVariantGroup;
			children = (
				F6FC81821BCD5DFF005C9BFE /* Base */,
			);
			name = LaunchScreen.storyboard;
			sourceTree = "<group>";
		};
/* End PBXVariantGroup section */

/* Begin XCBuildConfiguration section */
		F6FC81851BCD5DFF005C9BFE /* Debug */ = {
			isa = XCBuildConfiguration;
			buildSettings = {
				ALWAYS_SEARCH_USER_PATHS = NO;
				CLANG_CXX_LANGUAGE_STANDARD = "gnu++0x";
				CLANG_CXX_LIBRARY = "libc++";
				CLANG_ENABLE_MODULES = YES;
				CLANG_ENABLE_OBJC_ARC = YES;
				CLANG_WARN_BOOL_CONVERSION = YES;
				CLANG_WARN_CONSTANT_CONVERSION = YES;
				CLANG_WARN_DIRECT_OBJC_ISA_USAGE = YES_ERROR;
				CLANG_WARN_EMPTY_BODY = YES;
				CLANG_WARN_ENUM_CONVERSION = YES;
				CLANG_WARN_INT_CONVERSION = YES;
				CLANG_WARN_OBJC_ROOT_CLASS = YES_ERROR;
				CLANG_WARN_UNREACHABLE_CODE = YES;
				CLANG_WARN__DUPLICATE_METHOD_MATCH = YES;
				"CODE_SIGN_IDENTITY[sdk=iphoneos*]" = "iPhone Developer";
				COPY_PHASE_STRIP = NO;
				DEBUG_INFORMATION_FORMAT = dwarf;
				ENABLE_STRICT_OBJC_MSGSEND = YES;
				ENABLE_TESTABILITY = YES;
				GCC_C_LANGUAGE_STANDARD = gnu99;
				GCC_DYNAMIC_NO_PIC = NO;
				GCC_NO_COMMON_BLOCKS = YES;
				GCC_OPTIMIZATION_LEVEL = 0;
				GCC_PREPROCESSOR_DEFINITIONS = (
					"DEBUG=1",
					"$(inherited)",
				);
				GCC_WARN_64_TO_32_BIT_CONVERSION = YES;
				GCC_WARN_ABOUT_RETURN_TYPE = YES_ERROR;
				GCC_WARN_UNDECLARED_SELECTOR = YES;
				GCC_WARN_UNINITIALIZED_AUTOS = YES_AGGRESSIVE;
				GCC_WARN_UNUSED_FUNCTION = YES;
				GCC_WARN_UNUSED_VARIABLE = YES;
				IPHONEOS_DEPLOYMENT_TARGET = 9.0;
				MTL_ENABLE_DEBUG_INFO = YES;
				ONLY_ACTIVE_ARCH = YES;
				SDKROOT = iphoneos;
			};
			name = Debug;
		};
		F6FC81861BCD5DFF005C9BFE /* Release */ = {
			isa = XCBuildConfiguration;
			buildSettings = {
				ALWAYS_SEARCH_USER_PATHS = NO;
				CLANG_CXX_LANGUAGE_STANDARD = "gnu++0x";
				CLANG_CXX_LIBRARY = "libc++";
				CLANG_ENABLE_MODULES = YES;
				CLANG_ENABLE_OBJC_ARC = YES;
				CLANG_WARN_BOOL_CONVERSION = YES;
				CLANG_WARN_CONSTANT_CONVERSION = YES;
				CLANG_WARN_DIRECT_OBJC_ISA_USAGE = YES_ERROR;
				CLANG_WARN_EMPTY_BODY = YES;
				CLANG_WARN_ENUM_CONVERSION = YES;
				CLANG_WARN_INT_CONVERSION = YES;
				CLANG_WARN_OBJC_ROOT_CLASS = YES_ERROR;
				CLANG_WARN_UNREACHABLE_CODE = YES;
				CLANG_WARN__DUPLICATE_METHOD_MATCH = YES;
				"CODE_SIGN_IDENTITY[sdk=iphoneos*]" = "iPhone Developer";
				COPY_PHASE_STRIP = NO;
				DEBUG_INFORMATION_FORMAT = "dwarf-with-dsym";
				ENABLE_NS_ASSERTIONS = NO;
				ENABLE_STRICT_OBJC_MSGSEND = YES;
				GCC_C_LANGUAGE_STANDARD = gnu99;
				GCC_NO_COMMON_BLOCKS = YES;
				GCC_WARN_64_TO_32_BIT_CONVERSION = YES;
				GCC_WARN_ABOUT_RETURN_TYPE = YES_ERROR;
				GCC_WARN_UNDECLARED_SELECTOR = YES;
				GCC_WARN_UNINITIALIZED_AUTOS = YES_AGGRESSIVE;
				GCC_WARN_UNUSED_FUNCTION = YES;
				GCC_WARN_UNUSED_VARIABLE = YES;
				IPHONEOS_DEPLOYMENT_TARGET = 9.0;
				MTL_ENABLE_DEBUG_INFO = NO;
				SDKROOT = iphoneos;
				VALIDATE_PRODUCT = YES;
			};
			name = Release;
		};
		F6FC81881BCD5DFF005C9BFE /* Debug */ = {
			isa = XCBuildConfiguration;
			buildSettings = {
				ASSETCATALOG_COMPILER_APPICON_NAME = AppIcon;
				INFOPLIST_FILE = SampleF/Info.plist;
				LD_RUNPATH_SEARCH_PATHS = "$(inherited) @executable_path/Frameworks";
				PRODUCT_BUNDLE_IDENTIFIER = binglen.SampleF;
				PRODUCT_NAME = "$(TARGET_NAME)";
			};
			name = Debug;
		};
		F6FC81891BCD5DFF005C9BFE /* Release */ = {
			isa = XCBuildConfiguration;
			buildSettings = {
				ASSETCATALOG_COMPILER_APPICON_NAME = AppIcon;
				INFOPLIST_FILE = SampleF/Info.plist;
				LD_RUNPATH_SEARCH_PATHS = "$(inherited) @executable_path/Frameworks";
				PRODUCT_BUNDLE_IDENTIFIER = binglen.SampleF;
				PRODUCT_NAME = "$(TARGET_NAME)";
			};
			name = Release;
		};
/* End XCBuildConfiguration section */

/* Begin XCConfigurationList section */
		F6FC816B1BCD5DFF005C9BFE /* Build configuration list for PBXProject "SampleF" */ = {
			isa = XCConfigurationList;
			buildConfigurations = (
				F6FC81851BCD5DFF005C9BFE /* Debug */,
				F6FC81861BCD5DFF005C9BFE /* Release */,
			);
			defaultConfigurationIsVisible = 0;
			defaultConfigurationName = Release;
		};
		F6FC81871BCD5DFF005C9BFE /* Build configuration list for PBXNativeTarget "SampleF" */ = {
			isa = XCConfigurationList;
			buildConfigurations = (
				F6FC81881BCD5DFF005C9BFE /* Debug */,
				F6FC81891BCD5DFF005C9BFE /* Release */,
			);
			defaultConfigurationIsVisible = 0;
		};
/* End XCConfigurationList section */
	};
	rootObject = F6FC81681BCD5DFF005C9BFE /* Project object */;
}
